// !$*UTF8*$!
{
	archiveVersion = 1;
	classes = {
	};
	objectVersion = 55;
	objects = {

/* Begin PBXBuildFile section */
		C069AA5F2841D30000B6FC12 /* HomeView.swift in Sources */ = {isa = PBXBuildFile; fileRef = C069AA5E2841D30000B6FC12 /* HomeView.swift */; };
		C069AA602841D30000B6FC12 /* HomeView.swift in Sources */ = {isa = PBXBuildFile; fileRef = C069AA5E2841D30000B6FC12 /* HomeView.swift */; };
		C069AA632841D43A00B6FC12 /* Kingfisher in Frameworks */ = {isa = PBXBuildFile; productRef = C069AA622841D43A00B6FC12 /* Kingfisher */; };
		C069AA652841D46F00B6FC12 /* Movie.swift in Sources */ = {isa = PBXBuildFile; fileRef = C069AA642841D46F00B6FC12 /* Movie.swift */; };
		C069AA662841D46F00B6FC12 /* Movie.swift in Sources */ = {isa = PBXBuildFile; fileRef = C069AA642841D46F00B6FC12 /* Movie.swift */; };
		C069AA682841D51800B6FC12 /* StandardHomeMovie.swift in Sources */ = {isa = PBXBuildFile; fileRef = C069AA672841D51800B6FC12 /* StandardHomeMovie.swift */; };
		C069AA692841D51800B6FC12 /* StandardHomeMovie.swift in Sources */ = {isa = PBXBuildFile; fileRef = C069AA672841D51800B6FC12 /* StandardHomeMovie.swift */; };
		C069AA6B2841D5F200B6FC12 /* GlobalHelpers.swift in Sources */ = {isa = PBXBuildFile; fileRef = C069AA6A2841D5F200B6FC12 /* GlobalHelpers.swift */; };
		C069AA6C2841D5F200B6FC12 /* GlobalHelpers.swift in Sources */ = {isa = PBXBuildFile; fileRef = C069AA6A2841D5F200B6FC12 /* GlobalHelpers.swift */; };
		C069AA6E2841DF5700B6FC12 /* HomeVM.swift in Sources */ = {isa = PBXBuildFile; fileRef = C069AA6D2841DF5700B6FC12 /* HomeVM.swift */; };
		C069AA6F2841DF5700B6FC12 /* HomeVM.swift in Sources */ = {isa = PBXBuildFile; fileRef = C069AA6D2841DF5700B6FC12 /* HomeVM.swift */; };
		C069AA712842369700B6FC12 /* TopMoviePreview.swift in Sources */ = {isa = PBXBuildFile; fileRef = C069AA702842369700B6FC12 /* TopMoviePreview.swift */; };
		C069AA722842369700B6FC12 /* TopMoviePreview.swift in Sources */ = {isa = PBXBuildFile; fileRef = C069AA702842369700B6FC12 /* TopMoviePreview.swift */; };
		C085797C28424C2D0078D7E8 /* SmallVerticalButton.swift in Sources */ = {isa = PBXBuildFile; fileRef = C085797B28424C2D0078D7E8 /* SmallVerticalButton.swift */; };
		C085797D28424C2D0078D7E8 /* SmallVerticalButton.swift in Sources */ = {isa = PBXBuildFile; fileRef = C085797B28424C2D0078D7E8 /* SmallVerticalButton.swift */; };
		C085797F28425EBA0078D7E8 /* PlayButton.swift in Sources */ = {isa = PBXBuildFile; fileRef = C085797E28425EBA0078D7E8 /* PlayButton.swift */; };
		C085798028425EBA0078D7E8 /* PlayButton.swift in Sources */ = {isa = PBXBuildFile; fileRef = C085797E28425EBA0078D7E8 /* PlayButton.swift */; };
		C08E202B2841156E009AAF96 /* SwiftUI_NetflixApp.swift in Sources */ = {isa = PBXBuildFile; fileRef = C08E201B2841156D009AAF96 /* SwiftUI_NetflixApp.swift */; };
		C08E202C2841156E009AAF96 /* SwiftUI_NetflixApp.swift in Sources */ = {isa = PBXBuildFile; fileRef = C08E201B2841156D009AAF96 /* SwiftUI_NetflixApp.swift */; };
		C08E202D2841156E009AAF96 /* ContentView.swift in Sources */ = {isa = PBXBuildFile; fileRef = C08E201C2841156D009AAF96 /* ContentView.swift */; };
		C08E202E2841156E009AAF96 /* ContentView.swift in Sources */ = {isa = PBXBuildFile; fileRef = C08E201C2841156D009AAF96 /* ContentView.swift */; };
		C08E202F2841156E009AAF96 /* Assets.xcassets in Resources */ = {isa = PBXBuildFile; fileRef = C08E201D2841156E009AAF96 /* Assets.xcassets */; };
		C08E20302841156E009AAF96 /* Assets.xcassets in Resources */ = {isa = PBXBuildFile; fileRef = C08E201D2841156E009AAF96 /* Assets.xcassets */; };
		C093180A284DFB6800E3C9AA /* CustomTabSwitcher.swift in Sources */ = {isa = PBXBuildFile; fileRef = C0931809284DFB6800E3C9AA /* CustomTabSwitcher.swift */; };
		C0B976A8284503A80022A3DA /* MovieDetail.swift in Sources */ = {isa = PBXBuildFile; fileRef = C0B976A7284503A80022A3DA /* MovieDetail.swift */; };
		C0EB55E32846384A00FDDAC8 /* Episodes.swift in Sources */ = {isa = PBXBuildFile; fileRef = C0EB55E22846384A00FDDAC8 /* Episodes.swift */; };
		C0EB55E42846384A00FDDAC8 /* Episodes.swift in Sources */ = {isa = PBXBuildFile; fileRef = C0EB55E22846384A00FDDAC8 /* Episodes.swift */; };
/* End PBXBuildFile section */

/* Begin PBXFileReference section */
		C069AA5E2841D30000B6FC12 /* HomeView.swift */ = {isa = PBXFileReference; lastKnownFileType = sourcecode.swift; path = HomeView.swift; sourceTree = "<group>"; };
		C069AA642841D46F00B6FC12 /* Movie.swift */ = {isa = PBXFileReference; lastKnownFileType = sourcecode.swift; path = Movie.swift; sourceTree = "<group>"; };
		C069AA672841D51800B6FC12 /* StandardHomeMovie.swift */ = {isa = PBXFileReference; lastKnownFileType = sourcecode.swift; path = StandardHomeMovie.swift; sourceTree = "<group>"; };
		C069AA6A2841D5F200B6FC12 /* GlobalHelpers.swift */ = {isa = PBXFileReference; lastKnownFileType = sourcecode.swift; path = GlobalHelpers.swift; sourceTree = "<group>"; };
		C069AA6D2841DF5700B6FC12 /* HomeVM.swift */ = {isa = PBXFileReference; lastKnownFileType = sourcecode.swift; path = HomeVM.swift; sourceTree = "<group>"; };
		C069AA702842369700B6FC12 /* TopMoviePreview.swift */ = {isa = PBXFileReference; lastKnownFileType = sourcecode.swift; path = TopMoviePreview.swift; sourceTree = "<group>"; };
		C085797B28424C2D0078D7E8 /* SmallVerticalButton.swift */ = {isa = PBXFileReference; lastKnownFileType = sourcecode.swift; path = SmallVerticalButton.swift; sourceTree = "<group>"; };
		C085797E28425EBA0078D7E8 /* PlayButton.swift */ = {isa = PBXFileReference; lastKnownFileType = sourcecode.swift; path = PlayButton.swift; sourceTree = "<group>"; };
		C08E201B2841156D009AAF96 /* SwiftUI_NetflixApp.swift */ = {isa = PBXFileReference; lastKnownFileType = sourcecode.swift; path = SwiftUI_NetflixApp.swift; sourceTree = "<group>"; };
		C08E201C2841156D009AAF96 /* ContentView.swift */ = {isa = PBXFileReference; lastKnownFileType = sourcecode.swift; path = ContentView.swift; sourceTree = "<group>"; };
		C08E201D2841156E009AAF96 /* Assets.xcassets */ = {isa = PBXFileReference; lastKnownFileType = folder.assetcatalog; path = Assets.xcassets; sourceTree = "<group>"; };
		C08E20222841156E009AAF96 /* SwiftUI_Netflix.app */ = {isa = PBXFileReference; explicitFileType = wrapper.application; includeInIndex = 0; path = SwiftUI_Netflix.app; sourceTree = BUILT_PRODUCTS_DIR; };
		C08E20282841156E009AAF96 /* SwiftUI_Netflix.app */ = {isa = PBXFileReference; explicitFileType = wrapper.application; includeInIndex = 0; path = SwiftUI_Netflix.app; sourceTree = BUILT_PRODUCTS_DIR; };
		C08E202A2841156E009AAF96 /* macOS.entitlements */ = {isa = PBXFileReference; lastKnownFileType = text.plist.entitlements; path = macOS.entitlements; sourceTree = "<group>"; };
		C0931809284DFB6800E3C9AA /* CustomTabSwitcher.swift */ = {isa = PBXFileReference; lastKnownFileType = sourcecode.swift; path = CustomTabSwitcher.swift; sourceTree = "<group>"; };
		C0B976A7284503A80022A3DA /* MovieDetail.swift */ = {isa = PBXFileReference; lastKnownFileType = sourcecode.swift; path = MovieDetail.swift; sourceTree = "<group>"; };
		C0EB55E22846384A00FDDAC8 /* Episodes.swift */ = {isa = PBXFileReference; lastKnownFileType = sourcecode.swift; path = Episodes.swift; sourceTree = "<group>"; };
/* End PBXFileReference section */

/* Begin PBXFrameworksBuildPhase section */
		C08E201F2841156E009AAF96 /* Frameworks */ = {
			isa = PBXFrameworksBuildPhase;
			buildActionMask = 2147483647;
			files = (
				C069AA632841D43A00B6FC12 /* Kingfisher in Frameworks */,
			);
			runOnlyForDeploymentPostprocessing = 0;
		};
		C08E20252841156E009AAF96 /* Frameworks */ = {
			isa = PBXFrameworksBuildPhase;
			buildActionMask = 2147483647;
			files = (
			);
			runOnlyForDeploymentPostprocessing = 0;
		};
/* End PBXFrameworksBuildPhase section */

/* Begin PBXGroup section */
		C069AA5D2841D2FA00B6FC12 /* IOS */ = {
			isa = PBXGroup;
			children = (
				C0B976A3284502060022A3DA /* HomeViews */,
				C0B976A42845031C0022A3DA /* HelperViews */,
				C0B976A62845033F0022A3DA /* Helpers */,
				C0B976A5284503350022A3DA /* Model */,
				C0B976A7284503A80022A3DA /* MovieDetail.swift */,
				C0931809284DFB6800E3C9AA /* CustomTabSwitcher.swift */,
			);
			path = IOS;
			sourceTree = "<group>";
		};
		C08E20152841156D009AAF96 = {
			isa = PBXGroup;
			children = (
				C08E201A2841156D009AAF96 /* Shared */,
				C069AA5D2841D2FA00B6FC12 /* IOS */,
				C08E20292841156E009AAF96 /* macOS */,
				C08E20232841156E009AAF96 /* Products */,
			);
			sourceTree = "<group>";
		};
		C08E201A2841156D009AAF96 /* Shared */ = {
			isa = PBXGroup;
			children = (
				C08E201B2841156D009AAF96 /* SwiftUI_NetflixApp.swift */,
				C08E201C2841156D009AAF96 /* ContentView.swift */,
				C08E201D2841156E009AAF96 /* Assets.xcassets */,
			);
			path = Shared;
			sourceTree = "<group>";
		};
		C08E20232841156E009AAF96 /* Products */ = {
			isa = PBXGroup;
			children = (
				C08E20222841156E009AAF96 /* SwiftUI_Netflix.app */,
				C08E20282841156E009AAF96 /* SwiftUI_Netflix.app */,
			);
			name = Products;
			sourceTree = "<group>";
		};
		C08E20292841156E009AAF96 /* macOS */ = {
			isa = PBXGroup;
			children = (
				C08E202A2841156E009AAF96 /* macOS.entitlements */,
			);
			path = macOS;
			sourceTree = "<group>";
		};
		C0B976A3284502060022A3DA /* HomeViews */ = {
			isa = PBXGroup;
			children = (
				C069AA5E2841D30000B6FC12 /* HomeView.swift */,
				C069AA6D2841DF5700B6FC12 /* HomeVM.swift */,
			);
			path = HomeViews;
			sourceTree = "<group>";
		};
		C0B976A42845031C0022A3DA /* HelperViews */ = {
			isa = PBXGroup;
			children = (
				C069AA702842369700B6FC12 /* TopMoviePreview.swift */,
				C085797E28425EBA0078D7E8 /* PlayButton.swift */,
				C085797B28424C2D0078D7E8 /* SmallVerticalButton.swift */,
				C069AA672841D51800B6FC12 /* StandardHomeMovie.swift */,
			);
			path = HelperViews;
			sourceTree = "<group>";
		};
		C0B976A5284503350022A3DA /* Model */ = {
			isa = PBXGroup;
			children = (
				C069AA642841D46F00B6FC12 /* Movie.swift */,
				C0EB55E22846384A00FDDAC8 /* Episodes.swift */,
			);
			path = Model;
			sourceTree = "<group>";
		};
		C0B976A62845033F0022A3DA /* Helpers */ = {
			isa = PBXGroup;
			children = (
				C069AA6A2841D5F200B6FC12 /* GlobalHelpers.swift */,
			);
			path = Helpers;
			sourceTree = "<group>";
		};
/* End PBXGroup section */

/* Begin PBXNativeTarget section */
		C08E20212841156E009AAF96 /* SwiftUI_Netflix (iOS) */ = {
			isa = PBXNativeTarget;
			buildConfigurationList = C08E20332841156E009AAF96 /* Build configuration list for PBXNativeTarget "SwiftUI_Netflix (iOS)" */;
			buildPhases = (
				C08E201E2841156E009AAF96 /* Sources */,
				C08E201F2841156E009AAF96 /* Frameworks */,
				C08E20202841156E009AAF96 /* Resources */,
			);
			buildRules = (
			);
			dependencies = (
			);
			name = "SwiftUI_Netflix (iOS)";
			packageProductDependencies = (
				C069AA622841D43A00B6FC12 /* Kingfisher */,
			);
			productName = "SwiftUI_Netflix (iOS)";
			productReference = C08E20222841156E009AAF96 /* SwiftUI_Netflix.app */;
			productType = "com.apple.product-type.application";
		};
		C08E20272841156E009AAF96 /* SwiftUI_Netflix (macOS) */ = {
			isa = PBXNativeTarget;
			buildConfigurationList = C08E20362841156E009AAF96 /* Build configuration list for PBXNativeTarget "SwiftUI_Netflix (macOS)" */;
			buildPhases = (
				C08E20242841156E009AAF96 /* Sources */,
				C08E20252841156E009AAF96 /* Frameworks */,
				C08E20262841156E009AAF96 /* Resources */,
			);
			buildRules = (
			);
			dependencies = (
			);
			name = "SwiftUI_Netflix (macOS)";
			productName = "SwiftUI_Netflix (macOS)";
			productReference = C08E20282841156E009AAF96 /* SwiftUI_Netflix.app */;
			productType = "com.apple.product-type.application";
		};
/* End PBXNativeTarget section */

/* Begin PBXProject section */
		C08E20162841156D009AAF96 /* Project object */ = {
			isa = PBXProject;
			attributes = {
				BuildIndependentTargetsInParallel = 1;
				LastSwiftUpdateCheck = 1340;
				LastUpgradeCheck = 1340;
				TargetAttributes = {
					C08E20212841156E009AAF96 = {
						CreatedOnToolsVersion = 13.4;
					};
					C08E20272841156E009AAF96 = {
						CreatedOnToolsVersion = 13.4;
					};
				};
			};
			buildConfigurationList = C08E20192841156D009AAF96 /* Build configuration list for PBXProject "SwiftUI_Netflix" */;
			compatibilityVersion = "Xcode 13.0";
			developmentRegion = en;
			hasScannedForEncodings = 0;
			knownRegions = (
				en,
				Base,
			);
			mainGroup = C08E20152841156D009AAF96;
			packageReferences = (
				C069AA612841D43A00B6FC12 /* XCRemoteSwiftPackageReference "Kingfisher" */,
			);
			productRefGroup = C08E20232841156E009AAF96 /* Products */;
			projectDirPath = "";
			projectRoot = "";
			targets = (
				C08E20212841156E009AAF96 /* SwiftUI_Netflix (iOS) */,
				C08E20272841156E009AAF96 /* SwiftUI_Netflix (macOS) */,
			);
		};
/* End PBXProject section */

/* Begin PBXResourcesBuildPhase section */
		C08E20202841156E009AAF96 /* Resources */ = {
			isa = PBXResourcesBuildPhase;
			buildActionMask = 2147483647;
			files = (
				C08E202F2841156E009AAF96 /* Assets.xcassets in Resources */,
			);
			runOnlyForDeploymentPostprocessing = 0;
		};
		C08E20262841156E009AAF96 /* Resources */ = {
			isa = PBXResourcesBuildPhase;
			buildActionMask = 2147483647;
			files = (
				C08E20302841156E009AAF96 /* Assets.xcassets in Resources */,
			);
			runOnlyForDeploymentPostprocessing = 0;
		};
/* End PBXResourcesBuildPhase section */

/* Begin PBXSourcesBuildPhase section */
		C08E201E2841156E009AAF96 /* Sources */ = {
			isa = PBXSourcesBuildPhase;
			buildActionMask = 2147483647;
			files = (
				C069AA6B2841D5F200B6FC12 /* GlobalHelpers.swift in Sources */,
				C0EB55E32846384A00FDDAC8 /* Episodes.swift in Sources */,
				C069AA5F2841D30000B6FC12 /* HomeView.swift in Sources */,
				C069AA6E2841DF5700B6FC12 /* HomeVM.swift in Sources */,
				C08E202D2841156E009AAF96 /* ContentView.swift in Sources */,
				C069AA682841D51800B6FC12 /* StandardHomeMovie.swift in Sources */,
				C069AA712842369700B6FC12 /* TopMoviePreview.swift in Sources */,
				C069AA652841D46F00B6FC12 /* Movie.swift in Sources */,
				C08E202B2841156E009AAF96 /* SwiftUI_NetflixApp.swift in Sources */,
				C093180A284DFB6800E3C9AA /* CustomTabSwitcher.swift in Sources */,
				C085797C28424C2D0078D7E8 /* SmallVerticalButton.swift in Sources */,
				C085797F28425EBA0078D7E8 /* PlayButton.swift in Sources */,
				C0B976A8284503A80022A3DA /* MovieDetail.swift in Sources */,
			);
			runOnlyForDeploymentPostprocessing = 0;
		};
		C08E20242841156E009AAF96 /* Sources */ = {
			isa = PBXSourcesBuildPhase;
			buildActionMask = 2147483647;
			files = (
				C069AA6C2841D5F200B6FC12 /* GlobalHelpers.swift in Sources */,
				C069AA602841D30000B6FC12 /* HomeView.swift in Sources */,
				C069AA6F2841DF5700B6FC12 /* HomeVM.swift in Sources */,
				C08E202E2841156E009AAF96 /* ContentView.swift in Sources */,
				C069AA692841D51800B6FC12 /* StandardHomeMovie.swift in Sources */,
				C069AA722842369700B6FC12 /* TopMoviePreview.swift in Sources */,
				C069AA662841D46F00B6FC12 /* Movie.swift in Sources */,
				C08E202C2841156E009AAF96 /* SwiftUI_NetflixApp.swift in Sources */,
				C0EB55E42846384A00FDDAC8 /* Episodes.swift in Sources */,
				C085797D28424C2D0078D7E8 /* SmallVerticalButton.swift in Sources */,
				C085798028425EBA0078D7E8 /* PlayButton.swift in Sources */,
			);
			runOnlyForDeploymentPostprocessing = 0;
		};
/* End PBXSourcesBuildPhase section */

/* Begin XCBuildConfiguration section */
		C08E20312841156E009AAF96 /* Debug */ = {
			isa = XCBuildConfiguration;
			buildSettings = {
				ALWAYS_SEARCH_USER_PATHS = NO;
				CLANG_ANALYZER_NONNULL = YES;
				CLANG_ANALYZER_NUMBER_OBJECT_CONVERSION = YES_AGGRESSIVE;
				CLANG_CXX_LANGUAGE_STANDARD = "gnu++17";
				CLANG_ENABLE_MODULES = YES;
				CLANG_ENABLE_OBJC_ARC = YES;
				CLANG_ENABLE_OBJC_WEAK = YES;
				CLANG_WARN_BLOCK_CAPTURE_AUTORELEASING = YES;
				CLANG_WARN_BOOL_CONVERSION = YES;
				CLANG_WARN_COMMA = YES;
				CLANG_WARN_CONSTANT_CONVERSION = YES;
				CLANG_WARN_DEPRECATED_OBJC_IMPLEMENTATIONS = YES;
				CLANG_WARN_DIRECT_OBJC_ISA_USAGE = YES_ERROR;
				CLANG_WARN_DOCUMENTATION_COMMENTS = YES;
				CLANG_WARN_EMPTY_BODY = YES;
				CLANG_WARN_ENUM_CONVERSION = YES;
				CLANG_WARN_INFINITE_RECURSION = YES;
				CLANG_WARN_INT_CONVERSION = YES;
				CLANG_WARN_NON_LITERAL_NULL_CONVERSION = YES;
				CLANG_WARN_OBJC_IMPLICIT_RETAIN_SELF = YES;
				CLANG_WARN_OBJC_LITERAL_CONVERSION = YES;
				CLANG_WARN_OBJC_ROOT_CLASS = YES_ERROR;
				CLANG_WARN_QUOTED_INCLUDE_IN_FRAMEWORK_HEADER = YES;
				CLANG_WARN_RANGE_LOOP_ANALYSIS = YES;
				CLANG_WARN_STRICT_PROTOTYPES = YES;
				CLANG_WARN_SUSPICIOUS_MOVE = YES;
				CLANG_WARN_UNGUARDED_AVAILABILITY = YES_AGGRESSIVE;
				CLANG_WARN_UNREACHABLE_CODE = YES;
				CLANG_WARN__DUPLICATE_METHOD_MATCH = YES;
				COPY_PHASE_STRIP = NO;
				DEBUG_INFORMATION_FORMAT = dwarf;
				ENABLE_STRICT_OBJC_MSGSEND = YES;
				ENABLE_TESTABILITY = YES;
				GCC_C_LANGUAGE_STANDARD = gnu11;
				GCC_DYNAMIC_NO_PIC = NO;
				GCC_NO_COMMON_BLOCKS = YES;
				GCC_OPTIMIZATION_LEVEL = 0;
				GCC_PREPROCESSOR_DEFINITIONS = (
					"DEBUG=1",
					"$(inherited)",
				);
				GCC_WARN_64_TO_32_BIT_CONVERSION = YES;
				GCC_WARN_ABOUT_RETURN_TYPE = YES_ERROR;
				GCC_WARN_UNDECLARED_SELECTOR = YES;
				GCC_WARN_UNINITIALIZED_AUTOS = YES_AGGRESSIVE;
				GCC_WARN_UNUSED_FUNCTION = YES;
				GCC_WARN_UNUSED_VARIABLE = YES;
				MTL_ENABLE_DEBUG_INFO = INCLUDE_SOURCE;
				MTL_FAST_MATH = YES;
				ONLY_ACTIVE_ARCH = YES;
				SWIFT_ACTIVE_COMPILATION_CONDITIONS = DEBUG;
				SWIFT_OPTIMIZATION_LEVEL = "-Onone";
			};
			name = Debug;
		};
		C08E20322841156E009AAF96 /* Release */ = {
			isa = XCBuildConfiguration;
			buildSettings = {
				ALWAYS_SEARCH_USER_PATHS = NO;
				CLANG_ANALYZER_NONNULL = YES;
				CLANG_ANALYZER_NUMBER_OBJECT_CONVERSION = YES_AGGRESSIVE;
				CLANG_CXX_LANGUAGE_STANDARD = "gnu++17";
				CLANG_ENABLE_MODULES = YES;
				CLANG_ENABLE_OBJC_ARC = YES;
				CLANG_ENABLE_OBJC_WEAK = YES;
				CLANG_WARN_BLOCK_CAPTURE_AUTORELEASING = YES;
				CLANG_WARN_BOOL_CONVERSION = YES;
				CLANG_WARN_COMMA = YES;
				CLANG_WARN_CONSTANT_CONVERSION = YES;
				CLANG_WARN_DEPRECATED_OBJC_IMPLEMENTATIONS = YES;
				CLANG_WARN_DIRECT_OBJC_ISA_USAGE = YES_ERROR;
				CLANG_WARN_DOCUMENTATION_COMMENTS = YES;
				CLANG_WARN_EMPTY_BODY = YES;
				CLANG_WARN_ENUM_CONVERSION = YES;
				CLANG_WARN_INFINITE_RECURSION = YES;
				CLANG_WARN_INT_CONVERSION = YES;
				CLANG_WARN_NON_LITERAL_NULL_CONVERSION = YES;
				CLANG_WARN_OBJC_IMPLICIT_RETAIN_SELF = YES;
				CLANG_WARN_OBJC_LITERAL_CONVERSION = YES;
				CLANG_WARN_OBJC_ROOT_CLASS = YES_ERROR;
				CLANG_WARN_QUOTED_INCLUDE_IN_FRAMEWORK_HEADER = YES;
				CLANG_WARN_RANGE_LOOP_ANALYSIS = YES;
				CLANG_WARN_STRICT_PROTOTYPES = YES;
				CLANG_WARN_SUSPICIOUS_MOVE = YES;
				CLANG_WARN_UNGUARDED_AVAILABILITY = YES_AGGRESSIVE;
				CLANG_WARN_UNREACHABLE_CODE = YES;
				CLANG_WARN__DUPLICATE_METHOD_MATCH = YES;
				COPY_PHASE_STRIP = NO;
				DEBUG_INFORMATION_FORMAT = "dwarf-with-dsym";
				ENABLE_NS_ASSERTIONS = NO;
				ENABLE_STRICT_OBJC_MSGSEND = YES;
				GCC_C_LANGUAGE_STANDARD = gnu11;
				GCC_NO_COMMON_BLOCKS = YES;
				GCC_WARN_64_TO_32_BIT_CONVERSION = YES;
				GCC_WARN_ABOUT_RETURN_TYPE = YES_ERROR;
				GCC_WARN_UNDECLARED_SELECTOR = YES;
				GCC_WARN_UNINITIALIZED_AUTOS = YES_AGGRESSIVE;
				GCC_WARN_UNUSED_FUNCTION = YES;
				GCC_WARN_UNUSED_VARIABLE = YES;
				MTL_ENABLE_DEBUG_INFO = NO;
				MTL_FAST_MATH = YES;
				SWIFT_COMPILATION_MODE = wholemodule;
				SWIFT_OPTIMIZATION_LEVEL = "-O";
			};
			name = Release;
		};
		C08E20342841156E009AAF96 /* Debug */ = {
			isa = XCBuildConfiguration;
			buildSettings = {
				ASSETCATALOG_COMPILER_APPICON_NAME = AppIcon;
				ASSETCATALOG_COMPILER_GLOBAL_ACCENT_COLOR_NAME = AccentColor;
				CODE_SIGN_STYLE = Automatic;
				CURRENT_PROJECT_VERSION = 1;
				DEVELOPMENT_TEAM = Z225784MRD;
				ENABLE_PREVIEWS = YES;
				GENERATE_INFOPLIST_FILE = YES;
				INFOPLIST_KEY_UIApplicationSceneManifest_Generation = YES;
				INFOPLIST_KEY_UIApplicationSupportsIndirectInputEvents = YES;
				INFOPLIST_KEY_UILaunchScreen_Generation = YES;
				INFOPLIST_KEY_UISupportedInterfaceOrientations_iPad = "UIInterfaceOrientationPortrait UIInterfaceOrientationPortraitUpsideDown UIInterfaceOrientationLandscapeLeft UIInterfaceOrientationLandscapeRight";
				INFOPLIST_KEY_UISupportedInterfaceOrientations_iPhone = "UIInterfaceOrientationPortrait UIInterfaceOrientationLandscapeLeft UIInterfaceOrientationLandscapeRight";
				IPHONEOS_DEPLOYMENT_TARGET = 15.5;
				LD_RUNPATH_SEARCH_PATHS = (
					"$(inherited)",
					"@executable_path/Frameworks",
				);
				MARKETING_VERSION = 1.0;
				PRODUCT_BUNDLE_IDENTIFIER = "SwiftUICloneCoding.SwiftUI-Netflix";
				PRODUCT_NAME = SwiftUI_Netflix;
				SDKROOT = iphoneos;
				SWIFT_EMIT_LOC_STRINGS = YES;
				SWIFT_VERSION = 5.0;
				TARGETED_DEVICE_FAMILY = "1,2";
			};
			name = Debug;
		};
		C08E20352841156E009AAF96 /* Release */ = {
			isa = XCBuildConfiguration;
			buildSettings = {
				ASSETCATALOG_COMPILER_APPICON_NAME = AppIcon;
				ASSETCATALOG_COMPILER_GLOBAL_ACCENT_COLOR_NAME = AccentColor;
				CODE_SIGN_STYLE = Automatic;
				CURRENT_PROJECT_VERSION = 1;
				DEVELOPMENT_TEAM = Z225784MRD;
				ENABLE_PREVIEWS = YES;
				GENERATE_INFOPLIST_FILE = YES;
				INFOPLIST_KEY_UIApplicationSceneManifest_Generation = YES;
				INFOPLIST_KEY_UIApplicationSupportsIndirectInputEvents = YES;
				INFOPLIST_KEY_UILaunchScreen_Generation = YES;
				INFOPLIST_KEY_UISupportedInterfaceOrientations_iPad = "UIInterfaceOrientationPortrait UIInterfaceOrientationPortraitUpsideDown UIInterfaceOrientationLandscapeLeft UIInterfaceOrientationLandscapeRight";
				INFOPLIST_KEY_UISupportedInterfaceOrientations_iPhone = "UIInterfaceOrientationPortrait UIInterfaceOrientationLandscapeLeft UIInterfaceOrientationLandscapeRight";
				IPHONEOS_DEPLOYMENT_TARGET = 15.5;
				LD_RUNPATH_SEARCH_PATHS = (
					"$(inherited)",
					"@executable_path/Frameworks",
				);
				MARKETING_VERSION = 1.0;
				PRODUCT_BUNDLE_IDENTIFIER = "SwiftUICloneCoding.SwiftUI-Netflix";
				PRODUCT_NAME = SwiftUI_Netflix;
				SDKROOT = iphoneos;
				SWIFT_EMIT_LOC_STRINGS = YES;
				SWIFT_VERSION = 5.0;
				TARGETED_DEVICE_FAMILY = "1,2";
				VALIDATE_PRODUCT = YES;
			};
			name = Release;
		};
		C08E20372841156E009AAF96 /* Debug */ = {
			isa = XCBuildConfiguration;
			buildSettings = {
				ASSETCATALOG_COMPILER_APPICON_NAME = AppIcon;
				ASSETCATALOG_COMPILER_GLOBAL_ACCENT_COLOR_NAME = AccentColor;
				CODE_SIGN_ENTITLEMENTS = macOS/macOS.entitlements;
				CODE_SIGN_STYLE = Automatic;
				COMBINE_HIDPI_IMAGES = YES;
				CURRENT_PROJECT_VERSION = 1;
				DEVELOPMENT_TEAM = Z225784MRD;
				ENABLE_HARDENED_RUNTIME = YES;
				ENABLE_PREVIEWS = YES;
				GENERATE_INFOPLIST_FILE = YES;
				INFOPLIST_KEY_NSHumanReadableCopyright = "";
				LD_RUNPATH_SEARCH_PATHS = (
					"$(inherited)",
					"@executable_path/../Frameworks",
				);
				MACOSX_DEPLOYMENT_TARGET = 12.3;
				MARKETING_VERSION = 1.0;
				PRODUCT_BUNDLE_IDENTIFIER = "SwiftUICloneCoding.SwiftUI-Netflix";
				PRODUCT_NAME = SwiftUI_Netflix;
				SDKROOT = macosx;
				SWIFT_EMIT_LOC_STRINGS = YES;
				SWIFT_VERSION = 5.0;
			};
			name = Debug;
		};
		C08E20382841156E009AAF96 /* Release */ = {
			isa = XCBuildConfiguration;
			buildSettings = {
				ASSETCATALOG_COMPILER_APPICON_NAME = AppIcon;
				ASSETCATALOG_COMPILER_GLOBAL_ACCENT_COLOR_NAME = AccentColor;
				CODE_SIGN_ENTITLEMENTS = macOS/macOS.entitlements;
				CODE_SIGN_STYLE = Automatic;
				COMBINE_HIDPI_IMAGES = YES;
				CURRENT_PROJECT_VERSION = 1;
				DEVELOPMENT_TEAM = Z225784MRD;
				ENABLE_HARDENED_RUNTIME = YES;
				ENABLE_PREVIEWS = YES;
				GENERATE_INFOPLIST_FILE = YES;
				INFOPLIST_KEY_NSHumanReadableCopyright = "";
				LD_RUNPATH_SEARCH_PATHS = (
					"$(inherited)",
					"@executable_path/../Frameworks",
				);
				MACOSX_DEPLOYMENT_TARGET = 12.3;
				MARKETING_VERSION = 1.0;
				PRODUCT_BUNDLE_IDENTIFIER = "SwiftUICloneCoding.SwiftUI-Netflix";
				PRODUCT_NAME = SwiftUI_Netflix;
				SDKROOT = macosx;
				SWIFT_EMIT_LOC_STRINGS = YES;
				SWIFT_VERSION = 5.0;
			};
			name = Release;
		};
/* End XCBuildConfiguration section */

/* Begin XCConfigurationList section */
		C08E20192841156D009AAF96 /* Build configuration list for PBXProject "SwiftUI_Netflix" */ = {
			isa = XCConfigurationList;
			buildConfigurations = (
				C08E20312841156E009AAF96 /* Debug */,
				C08E20322841156E009AAF96 /* Release */,
			);
			defaultConfigurationIsVisible = 0;
			defaultConfigurationName = Release;
		};
		C08E20332841156E009AAF96 /* Build configuration list for PBXNativeTarget "SwiftUI_Netflix (iOS)" */ = {
			isa = XCConfigurationList;
			buildConfigurations = (
				C08E20342841156E009AAF96 /* Debug */,
				C08E20352841156E009AAF96 /* Release */,
			);
			defaultConfigurationIsVisible = 0;
			defaultConfigurationName = Release;
		};
		C08E20362841156E009AAF96 /* Build configuration list for PBXNativeTarget "SwiftUI_Netflix (macOS)" */ = {
			isa = XCConfigurationList;
			buildConfigurations = (
				C08E20372841156E009AAF96 /* Debug */,
				C08E20382841156E009AAF96 /* Release */,
			);
			defaultConfigurationIsVisible = 0;
			defaultConfigurationName = Release;
		};
/* End XCConfigurationList section */

/* Begin XCRemoteSwiftPackageReference section */
		C069AA612841D43A00B6FC12 /* XCRemoteSwiftPackageReference "Kingfisher" */ = {
			isa = XCRemoteSwiftPackageReference;
			repositoryURL = "https://github.com/onevcat/Kingfisher.git";
			requirement = {
				kind = upToNextMajorVersion;
				minimumVersion = 7.0.0;
			};
		};
/* End XCRemoteSwiftPackageReference section */

/* Begin XCSwiftPackageProductDependency section */
		C069AA622841D43A00B6FC12 /* Kingfisher */ = {
			isa = XCSwiftPackageProductDependency;
			package = C069AA612841D43A00B6FC12 /* XCRemoteSwiftPackageReference "Kingfisher" */;
			productName = Kingfisher;
		};
/* End XCSwiftPackageProductDependency section */
	};
	rootObject = C08E20162841156D009AAF96 /* Project object */;
}
