// !$*UTF8*$!
{
	archiveVersion = 1;
	classes = {
	};
	objectVersion = 55;
	objects = {

/* Begin PBXBuildFile section */
		C05123332816E79800AA3E96 /* Tests_iOS.swift in Sources */ = {isa = PBXBuildFile; fileRef = C05123322816E79800AA3E96 /* Tests_iOS.swift */; };
		C05123352816E79800AA3E96 /* Tests_iOSLaunchTests.swift in Sources */ = {isa = PBXBuildFile; fileRef = C05123342816E79800AA3E96 /* Tests_iOSLaunchTests.swift */; };
		C051233F2816E79800AA3E96 /* Tests_macOS.swift in Sources */ = {isa = PBXBuildFile; fileRef = C051233E2816E79800AA3E96 /* Tests_macOS.swift */; };
		C05123412816E79800AA3E96 /* Tests_macOSLaunchTests.swift in Sources */ = {isa = PBXBuildFile; fileRef = C05123402816E79800AA3E96 /* Tests_macOSLaunchTests.swift */; };
		C05123422816E79800AA3E96 /* SwiftUIBasic_KoreanApp.swift in Sources */ = {isa = PBXBuildFile; fileRef = C051231A2816E79600AA3E96 /* SwiftUIBasic_KoreanApp.swift */; };
		C05123432816E79800AA3E96 /* SwiftUIBasic_KoreanApp.swift in Sources */ = {isa = PBXBuildFile; fileRef = C051231A2816E79600AA3E96 /* SwiftUIBasic_KoreanApp.swift */; };
		C05123442816E79800AA3E96 /* ContentView.swift in Sources */ = {isa = PBXBuildFile; fileRef = C051231B2816E79600AA3E96 /* ContentView.swift */; };
		C05123452816E79800AA3E96 /* ContentView.swift in Sources */ = {isa = PBXBuildFile; fileRef = C051231B2816E79600AA3E96 /* ContentView.swift */; };
		C05123462816E79800AA3E96 /* Assets.xcassets in Resources */ = {isa = PBXBuildFile; fileRef = C051231C2816E79800AA3E96 /* Assets.xcassets */; };
		C05123472816E79800AA3E96 /* Assets.xcassets in Resources */ = {isa = PBXBuildFile; fileRef = C051231C2816E79800AA3E96 /* Assets.xcassets */; };
/* End PBXBuildFile section */

/* Begin PBXContainerItemProxy section */
		C051232F2816E79800AA3E96 /* PBXContainerItemProxy */ = {
			isa = PBXContainerItemProxy;
			containerPortal = C05123152816E79600AA3E96 /* Project object */;
			proxyType = 1;
			remoteGlobalIDString = C05123202816E79800AA3E96;
			remoteInfo = "SwiftUIBasic_Korean (iOS)";
		};
		C051233B2816E79800AA3E96 /* PBXContainerItemProxy */ = {
			isa = PBXContainerItemProxy;
			containerPortal = C05123152816E79600AA3E96 /* Project object */;
			proxyType = 1;
			remoteGlobalIDString = C05123262816E79800AA3E96;
			remoteInfo = "SwiftUIBasic_Korean (macOS)";
		};
/* End PBXContainerItemProxy section */

/* Begin PBXFileReference section */
		C051231A2816E79600AA3E96 /* SwiftUIBasic_KoreanApp.swift */ = {isa = PBXFileReference; lastKnownFileType = sourcecode.swift; path = SwiftUIBasic_KoreanApp.swift; sourceTree = "<group>"; };
		C051231B2816E79600AA3E96 /* ContentView.swift */ = {isa = PBXFileReference; lastKnownFileType = sourcecode.swift; path = ContentView.swift; sourceTree = "<group>"; };
		C051231C2816E79800AA3E96 /* Assets.xcassets */ = {isa = PBXFileReference; lastKnownFileType = folder.assetcatalog; path = Assets.xcassets; sourceTree = "<group>"; };
		C05123212816E79800AA3E96 /* SwiftUIBasic_Korean.app */ = {isa = PBXFileReference; explicitFileType = wrapper.application; includeInIndex = 0; path = SwiftUIBasic_Korean.app; sourceTree = BUILT_PRODUCTS_DIR; };
		C05123272816E79800AA3E96 /* SwiftUIBasic_Korean.app */ = {isa = PBXFileReference; explicitFileType = wrapper.application; includeInIndex = 0; path = SwiftUIBasic_Korean.app; sourceTree = BUILT_PRODUCTS_DIR; };
		C05123292816E79800AA3E96 /* macOS.entitlements */ = {isa = PBXFileReference; lastKnownFileType = text.plist.entitlements; path = macOS.entitlements; sourceTree = "<group>"; };
		C051232E2816E79800AA3E96 /* Tests iOS.xctest */ = {isa = PBXFileReference; explicitFileType = wrapper.cfbundle; includeInIndex = 0; path = "Tests iOS.xctest"; sourceTree = BUILT_PRODUCTS_DIR; };
		C05123322816E79800AA3E96 /* Tests_iOS.swift */ = {isa = PBXFileReference; lastKnownFileType = sourcecode.swift; path = Tests_iOS.swift; sourceTree = "<group>"; };
		C05123342816E79800AA3E96 /* Tests_iOSLaunchTests.swift */ = {isa = PBXFileReference; lastKnownFileType = sourcecode.swift; path = Tests_iOSLaunchTests.swift; sourceTree = "<group>"; };
		C051233A2816E79800AA3E96 /* Tests macOS.xctest */ = {isa = PBXFileReference; explicitFileType = wrapper.cfbundle; includeInIndex = 0; path = "Tests macOS.xctest"; sourceTree = BUILT_PRODUCTS_DIR; };
		C051233E2816E79800AA3E96 /* Tests_macOS.swift */ = {isa = PBXFileReference; lastKnownFileType = sourcecode.swift; path = Tests_macOS.swift; sourceTree = "<group>"; };
		C05123402816E79800AA3E96 /* Tests_macOSLaunchTests.swift */ = {isa = PBXFileReference; lastKnownFileType = sourcecode.swift; path = Tests_macOSLaunchTests.swift; sourceTree = "<group>"; };
/* End PBXFileReference section */

/* Begin PBXFrameworksBuildPhase section */
		C051231E2816E79800AA3E96 /* Frameworks */ = {
			isa = PBXFrameworksBuildPhase;
			buildActionMask = 2147483647;
			files = (
			);
			runOnlyForDeploymentPostprocessing = 0;
		};
		C05123242816E79800AA3E96 /* Frameworks */ = {
			isa = PBXFrameworksBuildPhase;
			buildActionMask = 2147483647;
			files = (
			);
			runOnlyForDeploymentPostprocessing = 0;
		};
		C051232B2816E79800AA3E96 /* Frameworks */ = {
			isa = PBXFrameworksBuildPhase;
			buildActionMask = 2147483647;
			files = (
			);
			runOnlyForDeploymentPostprocessing = 0;
		};
		C05123372816E79800AA3E96 /* Frameworks */ = {
			isa = PBXFrameworksBuildPhase;
			buildActionMask = 2147483647;
			files = (
			);
			runOnlyForDeploymentPostprocessing = 0;
		};
/* End PBXFrameworksBuildPhase section */

/* Begin PBXGroup section */
		C05123142816E79600AA3E96 = {
			isa = PBXGroup;
			children = (
				C05123192816E79600AA3E96 /* Shared */,
				C05123282816E79800AA3E96 /* macOS */,
				C05123312816E79800AA3E96 /* Tests iOS */,
				C051233D2816E79800AA3E96 /* Tests macOS */,
				C05123222816E79800AA3E96 /* Products */,
			);
			sourceTree = "<group>";
		};
		C05123192816E79600AA3E96 /* Shared */ = {
			isa = PBXGroup;
			children = (
				C051231A2816E79600AA3E96 /* SwiftUIBasic_KoreanApp.swift */,
				C051231B2816E79600AA3E96 /* ContentView.swift */,
				C051231C2816E79800AA3E96 /* Assets.xcassets */,
			);
			path = Shared;
			sourceTree = "<group>";
		};
		C05123222816E79800AA3E96 /* Products */ = {
			isa = PBXGroup;
			children = (
				C05123212816E79800AA3E96 /* SwiftUIBasic_Korean.app */,
				C05123272816E79800AA3E96 /* SwiftUIBasic_Korean.app */,
				C051232E2816E79800AA3E96 /* Tests iOS.xctest */,
				C051233A2816E79800AA3E96 /* Tests macOS.xctest */,
			);
			name = Products;
			sourceTree = "<group>";
		};
		C05123282816E79800AA3E96 /* macOS */ = {
			isa = PBXGroup;
			children = (
				C05123292816E79800AA3E96 /* macOS.entitlements */,
			);
			path = macOS;
			sourceTree = "<group>";
		};
		C05123312816E79800AA3E96 /* Tests iOS */ = {
			isa = PBXGroup;
			children = (
				C05123322816E79800AA3E96 /* Tests_iOS.swift */,
				C05123342816E79800AA3E96 /* Tests_iOSLaunchTests.swift */,
			);
			path = "Tests iOS";
			sourceTree = "<group>";
		};
		C051233D2816E79800AA3E96 /* Tests macOS */ = {
			isa = PBXGroup;
			children = (
				C051233E2816E79800AA3E96 /* Tests_macOS.swift */,
				C05123402816E79800AA3E96 /* Tests_macOSLaunchTests.swift */,
			);
			path = "Tests macOS";
			sourceTree = "<group>";
		};
/* End PBXGroup section */

/* Begin PBXNativeTarget section */
		C05123202816E79800AA3E96 /* SwiftUIBasic_Korean (iOS) */ = {
			isa = PBXNativeTarget;
			buildConfigurationList = C051234A2816E79800AA3E96 /* Build configuration list for PBXNativeTarget "SwiftUIBasic_Korean (iOS)" */;
			buildPhases = (
				C051231D2816E79800AA3E96 /* Sources */,
				C051231E2816E79800AA3E96 /* Frameworks */,
				C051231F2816E79800AA3E96 /* Resources */,
			);
			buildRules = (
			);
			dependencies = (
			);
			name = "SwiftUIBasic_Korean (iOS)";
			productName = "SwiftUIBasic_Korean (iOS)";
			productReference = C05123212816E79800AA3E96 /* SwiftUIBasic_Korean.app */;
			productType = "com.apple.product-type.application";
		};
		C05123262816E79800AA3E96 /* SwiftUIBasic_Korean (macOS) */ = {
			isa = PBXNativeTarget;
			buildConfigurationList = C051234D2816E79800AA3E96 /* Build configuration list for PBXNativeTarget "SwiftUIBasic_Korean (macOS)" */;
			buildPhases = (
				C05123232816E79800AA3E96 /* Sources */,
				C05123242816E79800AA3E96 /* Frameworks */,
				C05123252816E79800AA3E96 /* Resources */,
			);
			buildRules = (
			);
			dependencies = (
			);
			name = "SwiftUIBasic_Korean (macOS)";
			productName = "SwiftUIBasic_Korean (macOS)";
			productReference = C05123272816E79800AA3E96 /* SwiftUIBasic_Korean.app */;
			productType = "com.apple.product-type.application";
		};
		C051232D2816E79800AA3E96 /* Tests iOS */ = {
			isa = PBXNativeTarget;
			buildConfigurationList = C05123502816E79800AA3E96 /* Build configuration list for PBXNativeTarget "Tests iOS" */;
			buildPhases = (
				C051232A2816E79800AA3E96 /* Sources */,
				C051232B2816E79800AA3E96 /* Frameworks */,
				C051232C2816E79800AA3E96 /* Resources */,
			);
			buildRules = (
			);
			dependencies = (
				C05123302816E79800AA3E96 /* PBXTargetDependency */,
			);
			name = "Tests iOS";
			productName = "Tests iOS";
			productReference = C051232E2816E79800AA3E96 /* Tests iOS.xctest */;
			productType = "com.apple.product-type.bundle.ui-testing";
		};
		C05123392816E79800AA3E96 /* Tests macOS */ = {
			isa = PBXNativeTarget;
			buildConfigurationList = C05123532816E79800AA3E96 /* Build configuration list for PBXNativeTarget "Tests macOS" */;
			buildPhases = (
				C05123362816E79800AA3E96 /* Sources */,
				C05123372816E79800AA3E96 /* Frameworks */,
				C05123382816E79800AA3E96 /* Resources */,
			);
			buildRules = (
			);
			dependencies = (
				C051233C2816E79800AA3E96 /* PBXTargetDependency */,
			);
			name = "Tests macOS";
			productName = "Tests macOS";
			productReference = C051233A2816E79800AA3E96 /* Tests macOS.xctest */;
			productType = "com.apple.product-type.bundle.ui-testing";
		};
/* End PBXNativeTarget section */

/* Begin PBXProject section */
		C05123152816E79600AA3E96 /* Project object */ = {
			isa = PBXProject;
			attributes = {
				BuildIndependentTargetsInParallel = 1;
				LastSwiftUpdateCheck = 1330;
				LastUpgradeCheck = 1330;
				TargetAttributes = {
					C05123202816E79800AA3E96 = {
						CreatedOnToolsVersion = 13.3.1;
					};
					C05123262816E79800AA3E96 = {
						CreatedOnToolsVersion = 13.3.1;
					};
					C051232D2816E79800AA3E96 = {
						CreatedOnToolsVersion = 13.3.1;
						TestTargetID = C05123202816E79800AA3E96;
					};
					C05123392816E79800AA3E96 = {
						CreatedOnToolsVersion = 13.3.1;
						TestTargetID = C05123262816E79800AA3E96;
					};
				};
			};
			buildConfigurationList = C05123182816E79600AA3E96 /* Build configuration list for PBXProject "SwiftUIBasic_Korean" */;
			compatibilityVersion = "Xcode 13.0";
			developmentRegion = en;
			hasScannedForEncodings = 0;
			knownRegions = (
				en,
				Base,
			);
			mainGroup = C05123142816E79600AA3E96;
			productRefGroup = C05123222816E79800AA3E96 /* Products */;
			projectDirPath = "";
			projectRoot = "";
			targets = (
				C05123202816E79800AA3E96 /* SwiftUIBasic_Korean (iOS) */,
				C05123262816E79800AA3E96 /* SwiftUIBasic_Korean (macOS) */,
				C051232D2816E79800AA3E96 /* Tests iOS */,
				C05123392816E79800AA3E96 /* Tests macOS */,
			);
		};
/* End PBXProject section */

/* Begin PBXResourcesBuildPhase section */
		C051231F2816E79800AA3E96 /* Resources */ = {
			isa = PBXResourcesBuildPhase;
			buildActionMask = 2147483647;
			files = (
				C05123462816E79800AA3E96 /* Assets.xcassets in Resources */,
			);
			runOnlyForDeploymentPostprocessing = 0;
		};
		C05123252816E79800AA3E96 /* Resources */ = {
			isa = PBXResourcesBuildPhase;
			buildActionMask = 2147483647;
			files = (
				C05123472816E79800AA3E96 /* Assets.xcassets in Resources */,
			);
			runOnlyForDeploymentPostprocessing = 0;
		};
		C051232C2816E79800AA3E96 /* Resources */ = {
			isa = PBXResourcesBuildPhase;
			buildActionMask = 2147483647;
			files = (
			);
			runOnlyForDeploymentPostprocessing = 0;
		};
		C05123382816E79800AA3E96 /* Resources */ = {
			isa = PBXResourcesBuildPhase;
			buildActionMask = 2147483647;
			files = (
			);
			runOnlyForDeploymentPostprocessing = 0;
		};
/* End PBXResourcesBuildPhase section */

/* Begin PBXSourcesBuildPhase section */
		C051231D2816E79800AA3E96 /* Sources */ = {
			isa = PBXSourcesBuildPhase;
			buildActionMask = 2147483647;
			files = (
				C05123442816E79800AA3E96 /* ContentView.swift in Sources */,
				C05123422816E79800AA3E96 /* SwiftUIBasic_KoreanApp.swift in Sources */,
			);
			runOnlyForDeploymentPostprocessing = 0;
		};
		C05123232816E79800AA3E96 /* Sources */ = {
			isa = PBXSourcesBuildPhase;
			buildActionMask = 2147483647;
			files = (
				C05123452816E79800AA3E96 /* ContentView.swift in Sources */,
				C05123432816E79800AA3E96 /* SwiftUIBasic_KoreanApp.swift in Sources */,
			);
			runOnlyForDeploymentPostprocessing = 0;
		};
		C051232A2816E79800AA3E96 /* Sources */ = {
			isa = PBXSourcesBuildPhase;
			buildActionMask = 2147483647;
			files = (
				C05123352816E79800AA3E96 /* Tests_iOSLaunchTests.swift in Sources */,
				C05123332816E79800AA3E96 /* Tests_iOS.swift in Sources */,
			);
			runOnlyForDeploymentPostprocessing = 0;
		};
		C05123362816E79800AA3E96 /* Sources */ = {
			isa = PBXSourcesBuildPhase;
			buildActionMask = 2147483647;
			files = (
				C05123412816E79800AA3E96 /* Tests_macOSLaunchTests.swift in Sources */,
				C051233F2816E79800AA3E96 /* Tests_macOS.swift in Sources */,
			);
			runOnlyForDeploymentPostprocessing = 0;
		};
/* End PBXSourcesBuildPhase section */

/* Begin PBXTargetDependency section */
		C05123302816E79800AA3E96 /* PBXTargetDependency */ = {
			isa = PBXTargetDependency;
			target = C05123202816E79800AA3E96 /* SwiftUIBasic_Korean (iOS) */;
			targetProxy = C051232F2816E79800AA3E96 /* PBXContainerItemProxy */;
		};
		C051233C2816E79800AA3E96 /* PBXTargetDependency */ = {
			isa = PBXTargetDependency;
			target = C05123262816E79800AA3E96 /* SwiftUIBasic_Korean (macOS) */;
			targetProxy = C051233B2816E79800AA3E96 /* PBXContainerItemProxy */;
		};
/* End PBXTargetDependency section */

/* Begin XCBuildConfiguration section */
		C05123482816E79800AA3E96 /* Debug */ = {
			isa = XCBuildConfiguration;
			buildSettings = {
				ALWAYS_SEARCH_USER_PATHS = NO;
				CLANG_ANALYZER_NONNULL = YES;
				CLANG_ANALYZER_NUMBER_OBJECT_CONVERSION = YES_AGGRESSIVE;
				CLANG_CXX_LANGUAGE_STANDARD = "gnu++17";
				CLANG_ENABLE_MODULES = YES;
				CLANG_ENABLE_OBJC_ARC = YES;
				CLANG_ENABLE_OBJC_WEAK = YES;
				CLANG_WARN_BLOCK_CAPTURE_AUTORELEASING = YES;
				CLANG_WARN_BOOL_CONVERSION = YES;
				CLANG_WARN_COMMA = YES;
				CLANG_WARN_CONSTANT_CONVERSION = YES;
				CLANG_WARN_DEPRECATED_OBJC_IMPLEMENTATIONS = YES;
				CLANG_WARN_DIRECT_OBJC_ISA_USAGE = YES_ERROR;
				CLANG_WARN_DOCUMENTATION_COMMENTS = YES;
				CLANG_WARN_EMPTY_BODY = YES;
				CLANG_WARN_ENUM_CONVERSION = YES;
				CLANG_WARN_INFINITE_RECURSION = YES;
				CLANG_WARN_INT_CONVERSION = YES;
				CLANG_WARN_NON_LITERAL_NULL_CONVERSION = YES;
				CLANG_WARN_OBJC_IMPLICIT_RETAIN_SELF = YES;
				CLANG_WARN_OBJC_LITERAL_CONVERSION = YES;
				CLANG_WARN_OBJC_ROOT_CLASS = YES_ERROR;
				CLANG_WARN_QUOTED_INCLUDE_IN_FRAMEWORK_HEADER = YES;
				CLANG_WARN_RANGE_LOOP_ANALYSIS = YES;
				CLANG_WARN_STRICT_PROTOTYPES = YES;
				CLANG_WARN_SUSPICIOUS_MOVE = YES;
				CLANG_WARN_UNGUARDED_AVAILABILITY = YES_AGGRESSIVE;
				CLANG_WARN_UNREACHABLE_CODE = YES;
				CLANG_WARN__DUPLICATE_METHOD_MATCH = YES;
				COPY_PHASE_STRIP = NO;
				DEBUG_INFORMATION_FORMAT = dwarf;
				ENABLE_STRICT_OBJC_MSGSEND = YES;
				ENABLE_TESTABILITY = YES;
				GCC_C_LANGUAGE_STANDARD = gnu11;
				GCC_DYNAMIC_NO_PIC = NO;
				GCC_NO_COMMON_BLOCKS = YES;
				GCC_OPTIMIZATION_LEVEL = 0;
				GCC_PREPROCESSOR_DEFINITIONS = (
					"DEBUG=1",
					"$(inherited)",
				);
				GCC_WARN_64_TO_32_BIT_CONVERSION = YES;
				GCC_WARN_ABOUT_RETURN_TYPE = YES_ERROR;
				GCC_WARN_UNDECLARED_SELECTOR = YES;
				GCC_WARN_UNINITIALIZED_AUTOS = YES_AGGRESSIVE;
				GCC_WARN_UNUSED_FUNCTION = YES;
				GCC_WARN_UNUSED_VARIABLE = YES;
				MTL_ENABLE_DEBUG_INFO = INCLUDE_SOURCE;
				MTL_FAST_MATH = YES;
				ONLY_ACTIVE_ARCH = YES;
				SWIFT_ACTIVE_COMPILATION_CONDITIONS = DEBUG;
				SWIFT_OPTIMIZATION_LEVEL = "-Onone";
			};
			name = Debug;
		};
		C05123492816E79800AA3E96 /* Release */ = {
			isa = XCBuildConfiguration;
			buildSettings = {
				ALWAYS_SEARCH_USER_PATHS = NO;
				CLANG_ANALYZER_NONNULL = YES;
				CLANG_ANALYZER_NUMBER_OBJECT_CONVERSION = YES_AGGRESSIVE;
				CLANG_CXX_LANGUAGE_STANDARD = "gnu++17";
				CLANG_ENABLE_MODULES = YES;
				CLANG_ENABLE_OBJC_ARC = YES;
				CLANG_ENABLE_OBJC_WEAK = YES;
				CLANG_WARN_BLOCK_CAPTURE_AUTORELEASING = YES;
				CLANG_WARN_BOOL_CONVERSION = YES;
				CLANG_WARN_COMMA = YES;
				CLANG_WARN_CONSTANT_CONVERSION = YES;
				CLANG_WARN_DEPRECATED_OBJC_IMPLEMENTATIONS = YES;
				CLANG_WARN_DIRECT_OBJC_ISA_USAGE = YES_ERROR;
				CLANG_WARN_DOCUMENTATION_COMMENTS = YES;
				CLANG_WARN_EMPTY_BODY = YES;
				CLANG_WARN_ENUM_CONVERSION = YES;
				CLANG_WARN_INFINITE_RECURSION = YES;
				CLANG_WARN_INT_CONVERSION = YES;
				CLANG_WARN_NON_LITERAL_NULL_CONVERSION = YES;
				CLANG_WARN_OBJC_IMPLICIT_RETAIN_SELF = YES;
				CLANG_WARN_OBJC_LITERAL_CONVERSION = YES;
				CLANG_WARN_OBJC_ROOT_CLASS = YES_ERROR;
				CLANG_WARN_QUOTED_INCLUDE_IN_FRAMEWORK_HEADER = YES;
				CLANG_WARN_RANGE_LOOP_ANALYSIS = YES;
				CLANG_WARN_STRICT_PROTOTYPES = YES;
				CLANG_WARN_SUSPICIOUS_MOVE = YES;
				CLANG_WARN_UNGUARDED_AVAILABILITY = YES_AGGRESSIVE;
				CLANG_WARN_UNREACHABLE_CODE = YES;
				CLANG_WARN__DUPLICATE_METHOD_MATCH = YES;
				COPY_PHASE_STRIP = NO;
				DEBUG_INFORMATION_FORMAT = "dwarf-with-dsym";
				ENABLE_NS_ASSERTIONS = NO;
				ENABLE_STRICT_OBJC_MSGSEND = YES;
				GCC_C_LANGUAGE_STANDARD = gnu11;
				GCC_NO_COMMON_BLOCKS = YES;
				GCC_WARN_64_TO_32_BIT_CONVERSION = YES;
				GCC_WARN_ABOUT_RETURN_TYPE = YES_ERROR;
				GCC_WARN_UNDECLARED_SELECTOR = YES;
				GCC_WARN_UNINITIALIZED_AUTOS = YES_AGGRESSIVE;
				GCC_WARN_UNUSED_FUNCTION = YES;
				GCC_WARN_UNUSED_VARIABLE = YES;
				MTL_ENABLE_DEBUG_INFO = NO;
				MTL_FAST_MATH = YES;
				SWIFT_COMPILATION_MODE = wholemodule;
				SWIFT_OPTIMIZATION_LEVEL = "-O";
			};
			name = Release;
		};
		C051234B2816E79800AA3E96 /* Debug */ = {
			isa = XCBuildConfiguration;
			buildSettings = {
				ASSETCATALOG_COMPILER_APPICON_NAME = AppIcon;
				ASSETCATALOG_COMPILER_GLOBAL_ACCENT_COLOR_NAME = AccentColor;
				CODE_SIGN_STYLE = Automatic;
				CURRENT_PROJECT_VERSION = 1;
				DEVELOPMENT_TEAM = Z225784MRD;
				ENABLE_PREVIEWS = YES;
				GENERATE_INFOPLIST_FILE = YES;
				INFOPLIST_KEY_UIApplicationSceneManifest_Generation = YES;
				INFOPLIST_KEY_UIApplicationSupportsIndirectInputEvents = YES;
				INFOPLIST_KEY_UILaunchScreen_Generation = YES;
				INFOPLIST_KEY_UISupportedInterfaceOrientations_iPad = "UIInterfaceOrientationPortrait UIInterfaceOrientationPortraitUpsideDown UIInterfaceOrientationLandscapeLeft UIInterfaceOrientationLandscapeRight";
				INFOPLIST_KEY_UISupportedInterfaceOrientations_iPhone = "UIInterfaceOrientationPortrait UIInterfaceOrientationLandscapeLeft UIInterfaceOrientationLandscapeRight";
				IPHONEOS_DEPLOYMENT_TARGET = 15.4;
				LD_RUNPATH_SEARCH_PATHS = (
					"$(inherited)",
					"@executable_path/Frameworks",
				);
				MARKETING_VERSION = 1.0;
				PRODUCT_BUNDLE_IDENTIFIER = "NanoProject-Personal.SwiftUIBasic-Korean";
				PRODUCT_NAME = SwiftUIBasic_Korean;
				SDKROOT = iphoneos;
				SWIFT_EMIT_LOC_STRINGS = YES;
				SWIFT_VERSION = 5.0;
				TARGETED_DEVICE_FAMILY = "1,2";
			};
			name = Debug;
		};
		C051234C2816E79800AA3E96 /* Release */ = {
			isa = XCBuildConfiguration;
			buildSettings = {
				ASSETCATALOG_COMPILER_APPICON_NAME = AppIcon;
				ASSETCATALOG_COMPILER_GLOBAL_ACCENT_COLOR_NAME = AccentColor;
				CODE_SIGN_STYLE = Automatic;
				CURRENT_PROJECT_VERSION = 1;
				DEVELOPMENT_TEAM = Z225784MRD;
				ENABLE_PREVIEWS = YES;
				GENERATE_INFOPLIST_FILE = YES;
				INFOPLIST_KEY_UIApplicationSceneManifest_Generation = YES;
				INFOPLIST_KEY_UIApplicationSupportsIndirectInputEvents = YES;
				INFOPLIST_KEY_UILaunchScreen_Generation = YES;
				INFOPLIST_KEY_UISupportedInterfaceOrientations_iPad = "UIInterfaceOrientationPortrait UIInterfaceOrientationPortraitUpsideDown UIInterfaceOrientationLandscapeLeft UIInterfaceOrientationLandscapeRight";
				INFOPLIST_KEY_UISupportedInterfaceOrientations_iPhone = "UIInterfaceOrientationPortrait UIInterfaceOrientationLandscapeLeft UIInterfaceOrientationLandscapeRight";
				IPHONEOS_DEPLOYMENT_TARGET = 15.4;
				LD_RUNPATH_SEARCH_PATHS = (
					"$(inherited)",
					"@executable_path/Frameworks",
				);
				MARKETING_VERSION = 1.0;
				PRODUCT_BUNDLE_IDENTIFIER = "NanoProject-Personal.SwiftUIBasic-Korean";
				PRODUCT_NAME = SwiftUIBasic_Korean;
				SDKROOT = iphoneos;
				SWIFT_EMIT_LOC_STRINGS = YES;
				SWIFT_VERSION = 5.0;
				TARGETED_DEVICE_FAMILY = "1,2";
				VALIDATE_PRODUCT = YES;
			};
			name = Release;
		};
		C051234E2816E79800AA3E96 /* Debug */ = {
			isa = XCBuildConfiguration;
			buildSettings = {
				ASSETCATALOG_COMPILER_APPICON_NAME = AppIcon;
				ASSETCATALOG_COMPILER_GLOBAL_ACCENT_COLOR_NAME = AccentColor;
				CODE_SIGN_ENTITLEMENTS = macOS/macOS.entitlements;
				CODE_SIGN_STYLE = Automatic;
				COMBINE_HIDPI_IMAGES = YES;
				CURRENT_PROJECT_VERSION = 1;
				DEVELOPMENT_TEAM = Z225784MRD;
				ENABLE_HARDENED_RUNTIME = YES;
				ENABLE_PREVIEWS = YES;
				GENERATE_INFOPLIST_FILE = YES;
				INFOPLIST_KEY_NSHumanReadableCopyright = "";
				LD_RUNPATH_SEARCH_PATHS = (
					"$(inherited)",
					"@executable_path/../Frameworks",
				);
				MACOSX_DEPLOYMENT_TARGET = 12.3;
				MARKETING_VERSION = 1.0;
				PRODUCT_BUNDLE_IDENTIFIER = "NanoProject-Personal.SwiftUIBasic-Korean";
				PRODUCT_NAME = SwiftUIBasic_Korean;
				SDKROOT = macosx;
				SWIFT_EMIT_LOC_STRINGS = YES;
				SWIFT_VERSION = 5.0;
			};
			name = Debug;
		};
		C051234F2816E79800AA3E96 /* Release */ = {
			isa = XCBuildConfiguration;
			buildSettings = {
				ASSETCATALOG_COMPILER_APPICON_NAME = AppIcon;
				ASSETCATALOG_COMPILER_GLOBAL_ACCENT_COLOR_NAME = AccentColor;
				CODE_SIGN_ENTITLEMENTS = macOS/macOS.entitlements;
				CODE_SIGN_STYLE = Automatic;
				COMBINE_HIDPI_IMAGES = YES;
				CURRENT_PROJECT_VERSION = 1;
				DEVELOPMENT_TEAM = Z225784MRD;
				ENABLE_HARDENED_RUNTIME = YES;
				ENABLE_PREVIEWS = YES;
				GENERATE_INFOPLIST_FILE = YES;
				INFOPLIST_KEY_NSHumanReadableCopyright = "";
				LD_RUNPATH_SEARCH_PATHS = (
					"$(inherited)",
					"@executable_path/../Frameworks",
				);
				MACOSX_DEPLOYMENT_TARGET = 12.3;
				MARKETING_VERSION = 1.0;
				PRODUCT_BUNDLE_IDENTIFIER = "NanoProject-Personal.SwiftUIBasic-Korean";
				PRODUCT_NAME = SwiftUIBasic_Korean;
				SDKROOT = macosx;
				SWIFT_EMIT_LOC_STRINGS = YES;
				SWIFT_VERSION = 5.0;
			};
			name = Release;
		};
		C05123512816E79800AA3E96 /* Debug */ = {
			isa = XCBuildConfiguration;
			buildSettings = {
				ALWAYS_EMBED_SWIFT_STANDARD_LIBRARIES = YES;
				CODE_SIGN_STYLE = Automatic;
				CURRENT_PROJECT_VERSION = 1;
				DEVELOPMENT_TEAM = Z225784MRD;
				GENERATE_INFOPLIST_FILE = YES;
				IPHONEOS_DEPLOYMENT_TARGET = 15.4;
				MARKETING_VERSION = 1.0;
				PRODUCT_BUNDLE_IDENTIFIER = "NanoProject-Personal.Tests-iOS";
				PRODUCT_NAME = "$(TARGET_NAME)";
				SDKROOT = iphoneos;
				SWIFT_EMIT_LOC_STRINGS = NO;
				SWIFT_VERSION = 5.0;
				TARGETED_DEVICE_FAMILY = "1,2";
				TEST_TARGET_NAME = "SwiftUIBasic_Korean (iOS)";
			};
			name = Debug;
		};
		C05123522816E79800AA3E96 /* Release */ = {
			isa = XCBuildConfiguration;
			buildSettings = {
				ALWAYS_EMBED_SWIFT_STANDARD_LIBRARIES = YES;
				CODE_SIGN_STYLE = Automatic;
				CURRENT_PROJECT_VERSION = 1;
				DEVELOPMENT_TEAM = Z225784MRD;
				GENERATE_INFOPLIST_FILE = YES;
				IPHONEOS_DEPLOYMENT_TARGET = 15.4;
				MARKETING_VERSION = 1.0;
				PRODUCT_BUNDLE_IDENTIFIER = "NanoProject-Personal.Tests-iOS";
				PRODUCT_NAME = "$(TARGET_NAME)";
				SDKROOT = iphoneos;
				SWIFT_EMIT_LOC_STRINGS = NO;
				SWIFT_VERSION = 5.0;
				TARGETED_DEVICE_FAMILY = "1,2";
				TEST_TARGET_NAME = "SwiftUIBasic_Korean (iOS)";
				VALIDATE_PRODUCT = YES;
			};
			name = Release;
		};
		C05123542816E79800AA3E96 /* Debug */ = {
			isa = XCBuildConfiguration;
			buildSettings = {
				ALWAYS_EMBED_SWIFT_STANDARD_LIBRARIES = YES;
				CODE_SIGN_STYLE = Automatic;
				CURRENT_PROJECT_VERSION = 1;
				DEVELOPMENT_TEAM = Z225784MRD;
				GENERATE_INFOPLIST_FILE = YES;
				MACOSX_DEPLOYMENT_TARGET = 12.3;
				MARKETING_VERSION = 1.0;
				PRODUCT_BUNDLE_IDENTIFIER = "NanoProject-Personal.Tests-macOS";
				PRODUCT_NAME = "$(TARGET_NAME)";
				SDKROOT = macosx;
				SWIFT_EMIT_LOC_STRINGS = NO;
				SWIFT_VERSION = 5.0;
				TEST_TARGET_NAME = "SwiftUIBasic_Korean (macOS)";
			};
			name = Debug;
		};
		C05123552816E79800AA3E96 /* Release */ = {
			isa = XCBuildConfiguration;
			buildSettings = {
				ALWAYS_EMBED_SWIFT_STANDARD_LIBRARIES = YES;
				CODE_SIGN_STYLE = Automatic;
				CURRENT_PROJECT_VERSION = 1;
				DEVELOPMENT_TEAM = Z225784MRD;
				GENERATE_INFOPLIST_FILE = YES;
				MACOSX_DEPLOYMENT_TARGET = 12.3;
				MARKETING_VERSION = 1.0;
				PRODUCT_BUNDLE_IDENTIFIER = "NanoProject-Personal.Tests-macOS";
				PRODUCT_NAME = "$(TARGET_NAME)";
				SDKROOT = macosx;
				SWIFT_EMIT_LOC_STRINGS = NO;
				SWIFT_VERSION = 5.0;
				TEST_TARGET_NAME = "SwiftUIBasic_Korean (macOS)";
			};
			name = Release;
		};
/* End XCBuildConfiguration section */

/* Begin XCConfigurationList section */
		C05123182816E79600AA3E96 /* Build configuration list for PBXProject "SwiftUIBasic_Korean" */ = {
			isa = XCConfigurationList;
			buildConfigurations = (
				C05123482816E79800AA3E96 /* Debug */,
				C05123492816E79800AA3E96 /* Release */,
			);
			defaultConfigurationIsVisible = 0;
			defaultConfigurationName = Release;
		};
		C051234A2816E79800AA3E96 /* Build configuration list for PBXNativeTarget "SwiftUIBasic_Korean (iOS)" */ = {
			isa = XCConfigurationList;
			buildConfigurations = (
				C051234B2816E79800AA3E96 /* Debug */,
				C051234C2816E79800AA3E96 /* Release */,
			);
			defaultConfigurationIsVisible = 0;
			defaultConfigurationName = Release;
		};
		C051234D2816E79800AA3E96 /* Build configuration list for PBXNativeTarget "SwiftUIBasic_Korean (macOS)" */ = {
			isa = XCConfigurationList;
			buildConfigurations = (
				C051234E2816E79800AA3E96 /* Debug */,
				C051234F2816E79800AA3E96 /* Release */,
			);
			defaultConfigurationIsVisible = 0;
			defaultConfigurationName = Release;
		};
		C05123502816E79800AA3E96 /* Build configuration list for PBXNativeTarget "Tests iOS" */ = {
			isa = XCConfigurationList;
			buildConfigurations = (
				C05123512816E79800AA3E96 /* Debug */,
				C05123522816E79800AA3E96 /* Release */,
			);
			defaultConfigurationIsVisible = 0;
			defaultConfigurationName = Release;
		};
		C05123532816E79800AA3E96 /* Build configuration list for PBXNativeTarget "Tests macOS" */ = {
			isa = XCConfigurationList;
			buildConfigurations = (
				C05123542816E79800AA3E96 /* Debug */,
				C05123552816E79800AA3E96 /* Release */,
			);
			defaultConfigurationIsVisible = 0;
			defaultConfigurationName = Release;
		};
/* End XCConfigurationList section */
	};
	rootObject = C05123152816E79600AA3E96 /* Project object */;
}
