// !$*UTF8*$!
{
	archiveVersion = 1;
	classes = {
	};
	objectVersion = 55;
	objects = {

/* Begin PBXBuildFile section */
		C0236B00282BF05700E75C3C /* WebContentView.swift in Sources */ = {isa = PBXBuildFile; fileRef = C0236AFF282BF05700E75C3C /* WebContentView.swift */; };
		C0236B03282BF0E000E75C3C /* MyWebView.swift in Sources */ = {isa = PBXBuildFile; fileRef = C0236B02282BF0E000E75C3C /* MyWebView.swift */; };
		C0236B06282C043200E75C3C /* Text_tutorial.swift in Sources */ = {isa = PBXBuildFile; fileRef = C0236B05282C043200E75C3C /* Text_tutorial.swift */; };
		C0C0AA792828FB2E0017BC84 /* SwiftUI_JungDaeriApp.swift in Sources */ = {isa = PBXBuildFile; fileRef = C0C0AA692828FB2D0017BC84 /* SwiftUI_JungDaeriApp.swift */; };
		C0C0AA7A2828FB2E0017BC84 /* SwiftUI_JungDaeriApp.swift in Sources */ = {isa = PBXBuildFile; fileRef = C0C0AA692828FB2D0017BC84 /* SwiftUI_JungDaeriApp.swift */; };
		C0C0AA7B2828FB2E0017BC84 /* ContentView.swift in Sources */ = {isa = PBXBuildFile; fileRef = C0C0AA6A2828FB2D0017BC84 /* ContentView.swift */; };
		C0C0AA7C2828FB2E0017BC84 /* ContentView.swift in Sources */ = {isa = PBXBuildFile; fileRef = C0C0AA6A2828FB2D0017BC84 /* ContentView.swift */; };
		C0C0AA7D2828FB2E0017BC84 /* Assets.xcassets in Resources */ = {isa = PBXBuildFile; fileRef = C0C0AA6B2828FB2E0017BC84 /* Assets.xcassets */; };
		C0C0AA7E2828FB2E0017BC84 /* Assets.xcassets in Resources */ = {isa = PBXBuildFile; fileRef = C0C0AA6B2828FB2E0017BC84 /* Assets.xcassets */; };
		C0C0AA882828FD3A0017BC84 /* MyVstackView.swift in Sources */ = {isa = PBXBuildFile; fileRef = C0C0AA872828FD3A0017BC84 /* MyVstackView.swift */; };
		C0C0AA8A2829027F0017BC84 /* MyTextView.swift in Sources */ = {isa = PBXBuildFile; fileRef = C0C0AA892829027F0017BC84 /* MyTextView.swift */; };
		C0E68107282F696E0028285E /* MyCard.swift in Sources */ = {isa = PBXBuildFile; fileRef = C0E68106282F696E0028285E /* MyCard.swift */; };
		C0E6810A282F6F9E0028285E /* MyList.swift in Sources */ = {isa = PBXBuildFile; fileRef = C0E68109282F6F9E0028285E /* MyList.swift */; };
		C0E6810E283143F50028285E /* MyNavigationView.swift in Sources */ = {isa = PBXBuildFile; fileRef = C0E6810D283143F50028285E /* MyNavigationView.swift */; };
		C0F3789E282E908A00906A04 /* ImageTutorialView.swift in Sources */ = {isa = PBXBuildFile; fileRef = C0F3789D282E908A00906A04 /* ImageTutorialView.swift */; };
		C0F378A0282E909800906A04 /* CircleImageView.swift in Sources */ = {isa = PBXBuildFile; fileRef = C0F3789F282E909800906A04 /* CircleImageView.swift */; };
		C0F378A3282EA0AC00906A04 /* StackPracticeView.swift in Sources */ = {isa = PBXBuildFile; fileRef = C0F378A2282EA0AC00906A04 /* StackPracticeView.swift */; };
		C0F378A5282EA0D900906A04 /* MyProjectCard.swift in Sources */ = {isa = PBXBuildFile; fileRef = C0F378A4282EA0D900906A04 /* MyProjectCard.swift */; };
		C0F378A7282EA46B00906A04 /* MyBasicCard.swift in Sources */ = {isa = PBXBuildFile; fileRef = C0F378A6282EA46B00906A04 /* MyBasicCard.swift */; };
/* End PBXBuildFile section */

/* Begin PBXFileReference section */
		C0236AFF282BF05700E75C3C /* WebContentView.swift */ = {isa = PBXFileReference; lastKnownFileType = sourcecode.swift; path = WebContentView.swift; sourceTree = "<group>"; };
		C0236B01282BF09C00E75C3C /* SwiftUI-JungDaeri--iOS--Info.plist */ = {isa = PBXFileReference; lastKnownFileType = text.plist.xml; path = "SwiftUI-JungDaeri--iOS--Info.plist"; sourceTree = "<group>"; };
		C0236B02282BF0E000E75C3C /* MyWebView.swift */ = {isa = PBXFileReference; lastKnownFileType = sourcecode.swift; path = MyWebView.swift; sourceTree = "<group>"; };
		C0236B05282C043200E75C3C /* Text_tutorial.swift */ = {isa = PBXFileReference; lastKnownFileType = sourcecode.swift; path = Text_tutorial.swift; sourceTree = "<group>"; };
		C0C0AA692828FB2D0017BC84 /* SwiftUI_JungDaeriApp.swift */ = {isa = PBXFileReference; lastKnownFileType = sourcecode.swift; path = SwiftUI_JungDaeriApp.swift; sourceTree = "<group>"; };
		C0C0AA6A2828FB2D0017BC84 /* ContentView.swift */ = {isa = PBXFileReference; lastKnownFileType = sourcecode.swift; path = ContentView.swift; sourceTree = "<group>"; };
		C0C0AA6B2828FB2E0017BC84 /* Assets.xcassets */ = {isa = PBXFileReference; lastKnownFileType = folder.assetcatalog; path = Assets.xcassets; sourceTree = "<group>"; };
		C0C0AA702828FB2E0017BC84 /* SwiftUI_JungDaeri.app */ = {isa = PBXFileReference; explicitFileType = wrapper.application; includeInIndex = 0; path = SwiftUI_JungDaeri.app; sourceTree = BUILT_PRODUCTS_DIR; };
		C0C0AA762828FB2E0017BC84 /* SwiftUI_JungDaeri.app */ = {isa = PBXFileReference; explicitFileType = wrapper.application; includeInIndex = 0; path = SwiftUI_JungDaeri.app; sourceTree = BUILT_PRODUCTS_DIR; };
		C0C0AA872828FD3A0017BC84 /* MyVstackView.swift */ = {isa = PBXFileReference; lastKnownFileType = sourcecode.swift; path = MyVstackView.swift; sourceTree = "<group>"; };
		C0C0AA892829027F0017BC84 /* MyTextView.swift */ = {isa = PBXFileReference; lastKnownFileType = sourcecode.swift; path = MyTextView.swift; sourceTree = "<group>"; };
		C0E68106282F696E0028285E /* MyCard.swift */ = {isa = PBXFileReference; lastKnownFileType = sourcecode.swift; path = MyCard.swift; sourceTree = "<group>"; };
		C0E68109282F6F9E0028285E /* MyList.swift */ = {isa = PBXFileReference; lastKnownFileType = sourcecode.swift; path = MyList.swift; sourceTree = "<group>"; };
		C0E6810D283143F50028285E /* MyNavigationView.swift */ = {isa = PBXFileReference; lastKnownFileType = sourcecode.swift; path = MyNavigationView.swift; sourceTree = "<group>"; };
		C0F3789D282E908A00906A04 /* ImageTutorialView.swift */ = {isa = PBXFileReference; lastKnownFileType = sourcecode.swift; path = ImageTutorialView.swift; sourceTree = "<group>"; };
		C0F3789F282E909800906A04 /* CircleImageView.swift */ = {isa = PBXFileReference; lastKnownFileType = sourcecode.swift; path = CircleImageView.swift; sourceTree = "<group>"; };
		C0F378A2282EA0AC00906A04 /* StackPracticeView.swift */ = {isa = PBXFileReference; lastKnownFileType = sourcecode.swift; path = StackPracticeView.swift; sourceTree = "<group>"; };
		C0F378A4282EA0D900906A04 /* MyProjectCard.swift */ = {isa = PBXFileReference; lastKnownFileType = sourcecode.swift; path = MyProjectCard.swift; sourceTree = "<group>"; };
		C0F378A6282EA46B00906A04 /* MyBasicCard.swift */ = {isa = PBXFileReference; lastKnownFileType = sourcecode.swift; path = MyBasicCard.swift; sourceTree = "<group>"; };
/* End PBXFileReference section */

/* Begin PBXFrameworksBuildPhase section */
		C0C0AA6D2828FB2E0017BC84 /* Frameworks */ = {
			isa = PBXFrameworksBuildPhase;
			buildActionMask = 2147483647;
			files = (
			);
			runOnlyForDeploymentPostprocessing = 0;
		};
		C0C0AA732828FB2E0017BC84 /* Frameworks */ = {
			isa = PBXFrameworksBuildPhase;
			buildActionMask = 2147483647;
			files = (
			);
			runOnlyForDeploymentPostprocessing = 0;
		};
/* End PBXFrameworksBuildPhase section */

/* Begin PBXGroup section */
		C0236AFE282BF00C00E75C3C /* WebView_Tutorial */ = {
			isa = PBXGroup;
			children = (
				C0236AFF282BF05700E75C3C /* WebContentView.swift */,
				C0236B02282BF0E000E75C3C /* MyWebView.swift */,
			);
			path = WebView_Tutorial;
			sourceTree = "<group>";
		};
		C0236B04282C041A00E75C3C /* Text_tutorial */ = {
			isa = PBXGroup;
			children = (
				C0236B05282C043200E75C3C /* Text_tutorial.swift */,
			);
			path = Text_tutorial;
			sourceTree = "<group>";
		};
		C0C0AA632828FB2D0017BC84 = {
			isa = PBXGroup;
			children = (
				C0C0AA6B2828FB2E0017BC84 /* Assets.xcassets */,
				C0236B01282BF09C00E75C3C /* SwiftUI-JungDaeri--iOS--Info.plist */,
				C0F378A1282EA08E00906A04 /* SwitUI_stack_practice_tutorial */,
				C0F3789C282E903F00906A04 /* Image_tutorial */,
				C0236B04282C041A00E75C3C /* Text_tutorial */,
				C0236AFE282BF00C00E75C3C /* WebView_Tutorial */,
				C0C0AA682828FB2D0017BC84 /* Shared */,
				C0C0AA712828FB2E0017BC84 /* Products */,
			);
			sourceTree = "<group>";
		};
		C0C0AA682828FB2D0017BC84 /* Shared */ = {
			isa = PBXGroup;
			children = (
				C0C0AA692828FB2D0017BC84 /* SwiftUI_JungDaeriApp.swift */,
				C0C0AA6A2828FB2D0017BC84 /* ContentView.swift */,
				C0C0AA872828FD3A0017BC84 /* MyVstackView.swift */,
				C0C0AA892829027F0017BC84 /* MyTextView.swift */,
			);
			path = Shared;
			sourceTree = "<group>";
		};
		C0C0AA712828FB2E0017BC84 /* Products */ = {
			isa = PBXGroup;
			children = (
				C0C0AA702828FB2E0017BC84 /* SwiftUI_JungDaeri.app */,
				C0C0AA762828FB2E0017BC84 /* SwiftUI_JungDaeri.app */,
			);
			name = Products;
			sourceTree = "<group>";
		};
		C0F3789C282E903F00906A04 /* Image_tutorial */ = {
			isa = PBXGroup;
			children = (
				C0F3789D282E908A00906A04 /* ImageTutorialView.swift */,
				C0F3789F282E909800906A04 /* CircleImageView.swift */,
			);
			path = Image_tutorial;
			sourceTree = "<group>";
		};
		C0F378A1282EA08E00906A04 /* SwitUI_stack_practice_tutorial */ = {
			isa = PBXGroup;
			children = (
				C0E68109282F6F9E0028285E /* MyList.swift */,
				C0F378A2282EA0AC00906A04 /* StackPracticeView.swift */,
				C0F378A4282EA0D900906A04 /* MyProjectCard.swift */,
				C0F378A6282EA46B00906A04 /* MyBasicCard.swift */,
				C0E68106282F696E0028285E /* MyCard.swift */,
				C0E6810D283143F50028285E /* MyNavigationView.swift */,
			);
			path = SwitUI_stack_practice_tutorial;
			sourceTree = "<group>";
		};
/* End PBXGroup section */

/* Begin PBXNativeTarget section */
		C0C0AA6F2828FB2E0017BC84 /* SwiftUI_JungDaeri (iOS) */ = {
			isa = PBXNativeTarget;
			buildConfigurationList = C0C0AA812828FB2E0017BC84 /* Build configuration list for PBXNativeTarget "SwiftUI_JungDaeri (iOS)" */;
			buildPhases = (
				C0C0AA6C2828FB2E0017BC84 /* Sources */,
				C0C0AA6D2828FB2E0017BC84 /* Frameworks */,
				C0C0AA6E2828FB2E0017BC84 /* Resources */,
			);
			buildRules = (
			);
			dependencies = (
			);
			name = "SwiftUI_JungDaeri (iOS)";
			productName = "SwiftUI_JungDaeri (iOS)";
			productReference = C0C0AA702828FB2E0017BC84 /* SwiftUI_JungDaeri.app */;
			productType = "com.apple.product-type.application";
		};
		C0C0AA752828FB2E0017BC84 /* SwiftUI_JungDaeri (macOS) */ = {
			isa = PBXNativeTarget;
			buildConfigurationList = C0C0AA842828FB2E0017BC84 /* Build configuration list for PBXNativeTarget "SwiftUI_JungDaeri (macOS)" */;
			buildPhases = (
				C0C0AA722828FB2E0017BC84 /* Sources */,
				C0C0AA732828FB2E0017BC84 /* Frameworks */,
				C0C0AA742828FB2E0017BC84 /* Resources */,
			);
			buildRules = (
			);
			dependencies = (
			);
			name = "SwiftUI_JungDaeri (macOS)";
			productName = "SwiftUI_JungDaeri (macOS)";
			productReference = C0C0AA762828FB2E0017BC84 /* SwiftUI_JungDaeri.app */;
			productType = "com.apple.product-type.application";
		};
/* End PBXNativeTarget section */

/* Begin PBXProject section */
		C0C0AA642828FB2D0017BC84 /* Project object */ = {
			isa = PBXProject;
			attributes = {
				BuildIndependentTargetsInParallel = 1;
				LastSwiftUpdateCheck = 1330;
				LastUpgradeCheck = 1330;
				TargetAttributes = {
					C0C0AA6F2828FB2E0017BC84 = {
						CreatedOnToolsVersion = 13.3.1;
					};
					C0C0AA752828FB2E0017BC84 = {
						CreatedOnToolsVersion = 13.3.1;
					};
				};
			};
			buildConfigurationList = C0C0AA672828FB2D0017BC84 /* Build configuration list for PBXProject "SwiftUI_JungDaeri" */;
			compatibilityVersion = "Xcode 13.0";
			developmentRegion = en;
			hasScannedForEncodings = 0;
			knownRegions = (
				en,
				Base,
			);
			mainGroup = C0C0AA632828FB2D0017BC84;
			productRefGroup = C0C0AA712828FB2E0017BC84 /* Products */;
			projectDirPath = "";
			projectRoot = "";
			targets = (
				C0C0AA6F2828FB2E0017BC84 /* SwiftUI_JungDaeri (iOS) */,
				C0C0AA752828FB2E0017BC84 /* SwiftUI_JungDaeri (macOS) */,
			);
		};
/* End PBXProject section */

/* Begin PBXResourcesBuildPhase section */
		C0C0AA6E2828FB2E0017BC84 /* Resources */ = {
			isa = PBXResourcesBuildPhase;
			buildActionMask = 2147483647;
			files = (
				C0C0AA7D2828FB2E0017BC84 /* Assets.xcassets in Resources */,
			);
			runOnlyForDeploymentPostprocessing = 0;
		};
		C0C0AA742828FB2E0017BC84 /* Resources */ = {
			isa = PBXResourcesBuildPhase;
			buildActionMask = 2147483647;
			files = (
				C0C0AA7E2828FB2E0017BC84 /* Assets.xcassets in Resources */,
			);
			runOnlyForDeploymentPostprocessing = 0;
		};
/* End PBXResourcesBuildPhase section */

/* Begin PBXSourcesBuildPhase section */
		C0C0AA6C2828FB2E0017BC84 /* Sources */ = {
			isa = PBXSourcesBuildPhase;
			buildActionMask = 2147483647;
			files = (
				C0C0AA7B2828FB2E0017BC84 /* ContentView.swift in Sources */,
				C0F378A0282E909800906A04 /* CircleImageView.swift in Sources */,
				C0236B03282BF0E000E75C3C /* MyWebView.swift in Sources */,
				C0F378A5282EA0D900906A04 /* MyProjectCard.swift in Sources */,
				C0C0AA8A2829027F0017BC84 /* MyTextView.swift in Sources */,
				C0E6810A282F6F9E0028285E /* MyList.swift in Sources */,
				C0C0AA792828FB2E0017BC84 /* SwiftUI_JungDaeriApp.swift in Sources */,
				C0F3789E282E908A00906A04 /* ImageTutorialView.swift in Sources */,
				C0E68107282F696E0028285E /* MyCard.swift in Sources */,
				C0236B06282C043200E75C3C /* Text_tutorial.swift in Sources */,
				C0236B00282BF05700E75C3C /* WebContentView.swift in Sources */,
				C0E6810E283143F50028285E /* MyNavigationView.swift in Sources */,
				C0F378A3282EA0AC00906A04 /* StackPracticeView.swift in Sources */,
				C0F378A7282EA46B00906A04 /* MyBasicCard.swift in Sources */,
				C0C0AA882828FD3A0017BC84 /* MyVstackView.swift in Sources */,
			);
			runOnlyForDeploymentPostprocessing = 0;
		};
		C0C0AA722828FB2E0017BC84 /* Sources */ = {
			isa = PBXSourcesBuildPhase;
			buildActionMask = 2147483647;
			files = (
				C0C0AA7C2828FB2E0017BC84 /* ContentView.swift in Sources */,
				C0C0AA7A2828FB2E0017BC84 /* SwiftUI_JungDaeriApp.swift in Sources */,
			);
			runOnlyForDeploymentPostprocessing = 0;
		};
/* End PBXSourcesBuildPhase section */

/* Begin XCBuildConfiguration section */
		C0C0AA7F2828FB2E0017BC84 /* Debug */ = {
			isa = XCBuildConfiguration;
			buildSettings = {
				ALWAYS_SEARCH_USER_PATHS = NO;
				CLANG_ANALYZER_NONNULL = YES;
				CLANG_ANALYZER_NUMBER_OBJECT_CONVERSION = YES_AGGRESSIVE;
				CLANG_CXX_LANGUAGE_STANDARD = "gnu++17";
				CLANG_ENABLE_MODULES = YES;
				CLANG_ENABLE_OBJC_ARC = YES;
				CLANG_ENABLE_OBJC_WEAK = YES;
				CLANG_WARN_BLOCK_CAPTURE_AUTORELEASING = YES;
				CLANG_WARN_BOOL_CONVERSION = YES;
				CLANG_WARN_COMMA = YES;
				CLANG_WARN_CONSTANT_CONVERSION = YES;
				CLANG_WARN_DEPRECATED_OBJC_IMPLEMENTATIONS = YES;
				CLANG_WARN_DIRECT_OBJC_ISA_USAGE = YES_ERROR;
				CLANG_WARN_DOCUMENTATION_COMMENTS = YES;
				CLANG_WARN_EMPTY_BODY = YES;
				CLANG_WARN_ENUM_CONVERSION = YES;
				CLANG_WARN_INFINITE_RECURSION = YES;
				CLANG_WARN_INT_CONVERSION = YES;
				CLANG_WARN_NON_LITERAL_NULL_CONVERSION = YES;
				CLANG_WARN_OBJC_IMPLICIT_RETAIN_SELF = YES;
				CLANG_WARN_OBJC_LITERAL_CONVERSION = YES;
				CLANG_WARN_OBJC_ROOT_CLASS = YES_ERROR;
				CLANG_WARN_QUOTED_INCLUDE_IN_FRAMEWORK_HEADER = YES;
				CLANG_WARN_RANGE_LOOP_ANALYSIS = YES;
				CLANG_WARN_STRICT_PROTOTYPES = YES;
				CLANG_WARN_SUSPICIOUS_MOVE = YES;
				CLANG_WARN_UNGUARDED_AVAILABILITY = YES_AGGRESSIVE;
				CLANG_WARN_UNREACHABLE_CODE = YES;
				CLANG_WARN__DUPLICATE_METHOD_MATCH = YES;
				COPY_PHASE_STRIP = NO;
				DEBUG_INFORMATION_FORMAT = dwarf;
				ENABLE_STRICT_OBJC_MSGSEND = YES;
				ENABLE_TESTABILITY = YES;
				GCC_C_LANGUAGE_STANDARD = gnu11;
				GCC_DYNAMIC_NO_PIC = NO;
				GCC_NO_COMMON_BLOCKS = YES;
				GCC_OPTIMIZATION_LEVEL = 0;
				GCC_PREPROCESSOR_DEFINITIONS = (
					"DEBUG=1",
					"$(inherited)",
				);
				GCC_WARN_64_TO_32_BIT_CONVERSION = YES;
				GCC_WARN_ABOUT_RETURN_TYPE = YES_ERROR;
				GCC_WARN_UNDECLARED_SELECTOR = YES;
				GCC_WARN_UNINITIALIZED_AUTOS = YES_AGGRESSIVE;
				GCC_WARN_UNUSED_FUNCTION = YES;
				GCC_WARN_UNUSED_VARIABLE = YES;
				MTL_ENABLE_DEBUG_INFO = INCLUDE_SOURCE;
				MTL_FAST_MATH = YES;
				ONLY_ACTIVE_ARCH = YES;
				SWIFT_ACTIVE_COMPILATION_CONDITIONS = DEBUG;
				SWIFT_OPTIMIZATION_LEVEL = "-Onone";
			};
			name = Debug;
		};
		C0C0AA802828FB2E0017BC84 /* Release */ = {
			isa = XCBuildConfiguration;
			buildSettings = {
				ALWAYS_SEARCH_USER_PATHS = NO;
				CLANG_ANALYZER_NONNULL = YES;
				CLANG_ANALYZER_NUMBER_OBJECT_CONVERSION = YES_AGGRESSIVE;
				CLANG_CXX_LANGUAGE_STANDARD = "gnu++17";
				CLANG_ENABLE_MODULES = YES;
				CLANG_ENABLE_OBJC_ARC = YES;
				CLANG_ENABLE_OBJC_WEAK = YES;
				CLANG_WARN_BLOCK_CAPTURE_AUTORELEASING = YES;
				CLANG_WARN_BOOL_CONVERSION = YES;
				CLANG_WARN_COMMA = YES;
				CLANG_WARN_CONSTANT_CONVERSION = YES;
				CLANG_WARN_DEPRECATED_OBJC_IMPLEMENTATIONS = YES;
				CLANG_WARN_DIRECT_OBJC_ISA_USAGE = YES_ERROR;
				CLANG_WARN_DOCUMENTATION_COMMENTS = YES;
				CLANG_WARN_EMPTY_BODY = YES;
				CLANG_WARN_ENUM_CONVERSION = YES;
				CLANG_WARN_INFINITE_RECURSION = YES;
				CLANG_WARN_INT_CONVERSION = YES;
				CLANG_WARN_NON_LITERAL_NULL_CONVERSION = YES;
				CLANG_WARN_OBJC_IMPLICIT_RETAIN_SELF = YES;
				CLANG_WARN_OBJC_LITERAL_CONVERSION = YES;
				CLANG_WARN_OBJC_ROOT_CLASS = YES_ERROR;
				CLANG_WARN_QUOTED_INCLUDE_IN_FRAMEWORK_HEADER = YES;
				CLANG_WARN_RANGE_LOOP_ANALYSIS = YES;
				CLANG_WARN_STRICT_PROTOTYPES = YES;
				CLANG_WARN_SUSPICIOUS_MOVE = YES;
				CLANG_WARN_UNGUARDED_AVAILABILITY = YES_AGGRESSIVE;
				CLANG_WARN_UNREACHABLE_CODE = YES;
				CLANG_WARN__DUPLICATE_METHOD_MATCH = YES;
				COPY_PHASE_STRIP = NO;
				DEBUG_INFORMATION_FORMAT = "dwarf-with-dsym";
				ENABLE_NS_ASSERTIONS = NO;
				ENABLE_STRICT_OBJC_MSGSEND = YES;
				GCC_C_LANGUAGE_STANDARD = gnu11;
				GCC_NO_COMMON_BLOCKS = YES;
				GCC_WARN_64_TO_32_BIT_CONVERSION = YES;
				GCC_WARN_ABOUT_RETURN_TYPE = YES_ERROR;
				GCC_WARN_UNDECLARED_SELECTOR = YES;
				GCC_WARN_UNINITIALIZED_AUTOS = YES_AGGRESSIVE;
				GCC_WARN_UNUSED_FUNCTION = YES;
				GCC_WARN_UNUSED_VARIABLE = YES;
				MTL_ENABLE_DEBUG_INFO = NO;
				MTL_FAST_MATH = YES;
				SWIFT_COMPILATION_MODE = wholemodule;
				SWIFT_OPTIMIZATION_LEVEL = "-O";
			};
			name = Release;
		};
		C0C0AA822828FB2E0017BC84 /* Debug */ = {
			isa = XCBuildConfiguration;
			buildSettings = {
				ASSETCATALOG_COMPILER_APPICON_NAME = AppIcon;
				ASSETCATALOG_COMPILER_GLOBAL_ACCENT_COLOR_NAME = AccentColor;
				CODE_SIGN_STYLE = Automatic;
				CURRENT_PROJECT_VERSION = 1;
				DEVELOPMENT_TEAM = Z225784MRD;
				ENABLE_PREVIEWS = YES;
				GENERATE_INFOPLIST_FILE = YES;
				INFOPLIST_FILE = "SwiftUI-JungDaeri--iOS--Info.plist";
				INFOPLIST_KEY_UIApplicationSceneManifest_Generation = YES;
				INFOPLIST_KEY_UIApplicationSupportsIndirectInputEvents = YES;
				INFOPLIST_KEY_UILaunchScreen_Generation = YES;
				INFOPLIST_KEY_UISupportedInterfaceOrientations_iPad = "UIInterfaceOrientationPortrait UIInterfaceOrientationPortraitUpsideDown UIInterfaceOrientationLandscapeLeft UIInterfaceOrientationLandscapeRight";
				INFOPLIST_KEY_UISupportedInterfaceOrientations_iPhone = "UIInterfaceOrientationPortrait UIInterfaceOrientationLandscapeLeft UIInterfaceOrientationLandscapeRight";
				IPHONEOS_DEPLOYMENT_TARGET = 15.4;
				LD_RUNPATH_SEARCH_PATHS = (
					"$(inherited)",
					"@executable_path/Frameworks",
				);
				MARKETING_VERSION = 1.0;
				PRODUCT_BUNDLE_IDENTIFIER = "SwiftUICloneCoding.SwiftUI-JungDaeri";
				PRODUCT_NAME = SwiftUI_JungDaeri;
				SDKROOT = iphoneos;
				SWIFT_EMIT_LOC_STRINGS = YES;
				SWIFT_VERSION = 5.0;
				TARGETED_DEVICE_FAMILY = "1,2";
			};
			name = Debug;
		};
		C0C0AA832828FB2E0017BC84 /* Release */ = {
			isa = XCBuildConfiguration;
			buildSettings = {
				ASSETCATALOG_COMPILER_APPICON_NAME = AppIcon;
				ASSETCATALOG_COMPILER_GLOBAL_ACCENT_COLOR_NAME = AccentColor;
				CODE_SIGN_STYLE = Automatic;
				CURRENT_PROJECT_VERSION = 1;
				DEVELOPMENT_TEAM = Z225784MRD;
				ENABLE_PREVIEWS = YES;
				GENERATE_INFOPLIST_FILE = YES;
				INFOPLIST_FILE = "SwiftUI-JungDaeri--iOS--Info.plist";
				INFOPLIST_KEY_UIApplicationSceneManifest_Generation = YES;
				INFOPLIST_KEY_UIApplicationSupportsIndirectInputEvents = YES;
				INFOPLIST_KEY_UILaunchScreen_Generation = YES;
				INFOPLIST_KEY_UISupportedInterfaceOrientations_iPad = "UIInterfaceOrientationPortrait UIInterfaceOrientationPortraitUpsideDown UIInterfaceOrientationLandscapeLeft UIInterfaceOrientationLandscapeRight";
				INFOPLIST_KEY_UISupportedInterfaceOrientations_iPhone = "UIInterfaceOrientationPortrait UIInterfaceOrientationLandscapeLeft UIInterfaceOrientationLandscapeRight";
				IPHONEOS_DEPLOYMENT_TARGET = 15.4;
				LD_RUNPATH_SEARCH_PATHS = (
					"$(inherited)",
					"@executable_path/Frameworks",
				);
				MARKETING_VERSION = 1.0;
				PRODUCT_BUNDLE_IDENTIFIER = "SwiftUICloneCoding.SwiftUI-JungDaeri";
				PRODUCT_NAME = SwiftUI_JungDaeri;
				SDKROOT = iphoneos;
				SWIFT_EMIT_LOC_STRINGS = YES;
				SWIFT_VERSION = 5.0;
				TARGETED_DEVICE_FAMILY = "1,2";
				VALIDATE_PRODUCT = YES;
			};
			name = Release;
		};
		C0C0AA852828FB2E0017BC84 /* Debug */ = {
			isa = XCBuildConfiguration;
			buildSettings = {
				ASSETCATALOG_COMPILER_APPICON_NAME = AppIcon;
				ASSETCATALOG_COMPILER_GLOBAL_ACCENT_COLOR_NAME = AccentColor;
				CODE_SIGN_ENTITLEMENTS = macOS/macOS.entitlements;
				CODE_SIGN_STYLE = Automatic;
				COMBINE_HIDPI_IMAGES = YES;
				CURRENT_PROJECT_VERSION = 1;
				DEVELOPMENT_TEAM = Z225784MRD;
				ENABLE_HARDENED_RUNTIME = YES;
				ENABLE_PREVIEWS = YES;
				GENERATE_INFOPLIST_FILE = YES;
				INFOPLIST_KEY_NSHumanReadableCopyright = "";
				LD_RUNPATH_SEARCH_PATHS = (
					"$(inherited)",
					"@executable_path/../Frameworks",
				);
				MACOSX_DEPLOYMENT_TARGET = 12.3;
				MARKETING_VERSION = 1.0;
				PRODUCT_BUNDLE_IDENTIFIER = "SwiftUICloneCoding.SwiftUI-JungDaeri";
				PRODUCT_NAME = SwiftUI_JungDaeri;
				SDKROOT = macosx;
				SWIFT_EMIT_LOC_STRINGS = YES;
				SWIFT_VERSION = 5.0;
			};
			name = Debug;
		};
		C0C0AA862828FB2E0017BC84 /* Release */ = {
			isa = XCBuildConfiguration;
			buildSettings = {
				ASSETCATALOG_COMPILER_APPICON_NAME = AppIcon;
				ASSETCATALOG_COMPILER_GLOBAL_ACCENT_COLOR_NAME = AccentColor;
				CODE_SIGN_ENTITLEMENTS = macOS/macOS.entitlements;
				CODE_SIGN_STYLE = Automatic;
				COMBINE_HIDPI_IMAGES = YES;
				CURRENT_PROJECT_VERSION = 1;
				DEVELOPMENT_TEAM = Z225784MRD;
				ENABLE_HARDENED_RUNTIME = YES;
				ENABLE_PREVIEWS = YES;
				GENERATE_INFOPLIST_FILE = YES;
				INFOPLIST_KEY_NSHumanReadableCopyright = "";
				LD_RUNPATH_SEARCH_PATHS = (
					"$(inherited)",
					"@executable_path/../Frameworks",
				);
				MACOSX_DEPLOYMENT_TARGET = 12.3;
				MARKETING_VERSION = 1.0;
				PRODUCT_BUNDLE_IDENTIFIER = "SwiftUICloneCoding.SwiftUI-JungDaeri";
				PRODUCT_NAME = SwiftUI_JungDaeri;
				SDKROOT = macosx;
				SWIFT_EMIT_LOC_STRINGS = YES;
				SWIFT_VERSION = 5.0;
			};
			name = Release;
		};
/* End XCBuildConfiguration section */

/* Begin XCConfigurationList section */
		C0C0AA672828FB2D0017BC84 /* Build configuration list for PBXProject "SwiftUI_JungDaeri" */ = {
			isa = XCConfigurationList;
			buildConfigurations = (
				C0C0AA7F2828FB2E0017BC84 /* Debug */,
				C0C0AA802828FB2E0017BC84 /* Release */,
			);
			defaultConfigurationIsVisible = 0;
			defaultConfigurationName = Release;
		};
		C0C0AA812828FB2E0017BC84 /* Build configuration list for PBXNativeTarget "SwiftUI_JungDaeri (iOS)" */ = {
			isa = XCConfigurationList;
			buildConfigurations = (
				C0C0AA822828FB2E0017BC84 /* Debug */,
				C0C0AA832828FB2E0017BC84 /* Release */,
			);
			defaultConfigurationIsVisible = 0;
			defaultConfigurationName = Release;
		};
		C0C0AA842828FB2E0017BC84 /* Build configuration list for PBXNativeTarget "SwiftUI_JungDaeri (macOS)" */ = {
			isa = XCConfigurationList;
			buildConfigurations = (
				C0C0AA852828FB2E0017BC84 /* Debug */,
				C0C0AA862828FB2E0017BC84 /* Release */,
			);
			defaultConfigurationIsVisible = 0;
			defaultConfigurationName = Release;
		};
/* End XCConfigurationList section */
	};
	rootObject = C0C0AA642828FB2D0017BC84 /* Project object */;
}
